
Microsoft Visual Studio Solution File, Format Version 11.00
# Visual Studio 2010
Project("{FAE04EC0-301F-11D3-BF4B-00C04F79EFBC}") = "RemotingLiteExampleClient", "RemotingLiteExampleClient\RemotingLiteExampleClient.csproj", "{275568A0-7E5E-4151-8960-E54665FF5DF7}"
	ProjectSection(WebsiteProperties) = preProject
		Debug.AspNetCompiler.Debug = "True"
		Release.AspNetCompiler.Debug = "False"
	EndProjectSection
EndProject
Project("{FAE04EC0-301F-11D3-BF4B-00C04F79EFBC}") = "RemotingLiteExampleServer", "RemotingLiteExampleServer\RemotingLiteExampleServer.csproj", "{EFBE44D0-1F61-42CF-9489-EED99AA1887F}"
	ProjectSection(WebsiteProperties) = preProject
		Debug.AspNetCompiler.Debug = "True"
		Release.AspNetCompiler.Debug = "False"
	EndProjectSection
EndProject
Project("{FAE04EC0-301F-11D3-BF4B-00C04F79EFBC}") = "CommonTypes", "CommonTypes\CommonTypes.csproj", "{04B850F0-5A39-4157-A227-A574064110D2}"
	ProjectSection(WebsiteProperties) = preProject
		Debug.AspNetCompiler.Debug = "True"
		Release.AspNetCompiler.Debug = "False"
	EndProjectSection
EndProject
Project("{FAE04EC0-301F-11D3-BF4B-00C04F79EFBC}") = "RemotingLite", "..\src\RemotingLite.csproj", "{0AFFA4EB-EDEA-43CC-8045-C7D1FE557803}"
EndProject
Global
	GlobalSection(SolutionConfigurationPlatforms) = preSolution
		Debug|Any CPU = Debug|Any CPU
		Release|Any CPU = Release|Any CPU
	EndGlobalSection
	GlobalSection(ProjectConfigurationPlatforms) = postSolution
		{275568A0-7E5E-4151-8960-E54665FF5DF7}.Debug|Any CPU.ActiveCfg = Debug|Any CPU
		{275568A0-7E5E-4151-8960-E54665FF5DF7}.Debug|Any CPU.Build.0 = Debug|Any CPU
		{275568A0-7E5E-4151-8960-E54665FF5DF7}.Release|Any CPU.ActiveCfg = Release|Any CPU
		{275568A0-7E5E-4151-8960-E54665FF5DF7}.Release|Any CPU.Build.0 = Release|Any CPU
		{EFBE44D0-1F61-42CF-9489-EED99AA1887F}.Debug|Any CPU.ActiveCfg = Debug|Any CPU
		{EFBE44D0-1F61-42CF-9489-EED99AA1887F}.Debug|Any CPU.Build.0 = Debug|Any CPU
		{EFBE44D0-1F61-42CF-9489-EED99AA1887F}.Release|Any CPU.ActiveCfg = Release|Any CPU
		{EFBE44D0-1F61-42CF-9489-EED99AA1887F}.Release|Any CPU.Build.0 = Release|Any CPU
		{04B850F0-5A39-4157-A227-A574064110D2}.Debug|Any CPU.ActiveCfg = Debug|Any CPU
		{04B850F0-5A39-4157-A227-A574064110D2}.Debug|Any CPU.Build.0 = Debug|Any CPU
		{04B850F0-5A39-4157-A227-A574064110D2}.Release|Any CPU.ActiveCfg = Release|Any CPU
		{04B850F0-5A39-4157-A227-A574064110D2}.Release|Any CPU.Build.0 = Release|Any CPU
		{0AFFA4EB-EDEA-43CC-8045-C7D1FE557803}.Debug|Any CPU.ActiveCfg = Debug|Any CPU
		{0AFFA4EB-EDEA-43CC-8045-C7D1FE557803}.Debug|Any CPU.Build.0 = Debug|Any CPU
		{0AFFA4EB-EDEA-43CC-8045-C7D1FE557803}.Release|Any CPU.ActiveCfg = Release|Any CPU
		{0AFFA4EB-EDEA-43CC-8045-C7D1FE557803}.Release|Any CPU.Build.0 = Release|Any CPU
	EndGlobalSection
	GlobalSection(SolutionProperties) = preSolution
		HideSolutionNode = FALSE
	EndGlobalSection
EndGlobal
