
Microsoft Visual Studio Solution File, Format Version 12.00
# Visual Studio 15
VisualStudioVersion = 15.0.27130.2010
MinimumVisualStudioVersion = 10.0.40219.1
Project("{FAE04EC0-301F-11D3-BF4B-00C04F79EFBC}") = "MatterControl", "MatterControl.csproj", "{0B8D6F56-BD7F-4426-B858-D9292B084656}"
	ProjectSection(ProjectDependencies) = postProject
		{545B6912-77FF-4B34-BA76-6C3D6A32BE6A} = {545B6912-77FF-4B34-BA76-6C3D6A32BE6A}
		{AE37DE1F-22F7-49EE-8732-FC6BC8DC58D9} = {AE37DE1F-22F7-49EE-8732-FC6BC8DC58D9}
		{F1653F20-D47D-4F29-8C55-3C835542AF5F} = {F1653F20-D47D-4F29-8C55-3C835542AF5F}
		{C46CA728-DD2F-4DD1-971A-AAA89D9DFF95} = {C46CA728-DD2F-4DD1-971A-AAA89D9DFF95}
		{3DF4CB3D-9A03-4256-9A81-70523AAD828B} = {3DF4CB3D-9A03-4256-9A81-70523AAD828B}
		{C958F745-156E-4BDC-A24A-3721C7BE7B8A} = {C958F745-156E-4BDC-A24A-3721C7BE7B8A}
		{D3E41B4E-BFBB-44CA-94C8-95C00F754FDD} = {D3E41B4E-BFBB-44CA-94C8-95C00F754FDD}
		{74F6BB6C-9D02-4512-A59A-21940E35C532} = {74F6BB6C-9D02-4512-A59A-21940E35C532}
		{657DBC6D-C3EA-4398-A3FA-DDB73C14F71B} = {657DBC6D-C3EA-4398-A3FA-DDB73C14F71B}
		{9B062971-A88E-4A3D-B3C9-12B78D15FA66} = {9B062971-A88E-4A3D-B3C9-12B78D15FA66}
		{CA96058C-1A37-465D-A357-D6D695B13D25} = {CA96058C-1A37-465D-A357-D6D695B13D25}
		{036BCCBA-52D8-457C-84AE-8821F209FE4A} = {036BCCBA-52D8-457C-84AE-8821F209FE4A}
		{7E61A5BD-E78F-4B80-88C9-3821B4FA062E} = {7E61A5BD-E78F-4B80-88C9-3821B4FA062E}
		{DF6845CD-64C6-4263-8357-DA8066855739} = {DF6845CD-64C6-4263-8357-DA8066855739}
		{1E01ABE0-B494-4FE4-B0D6-540133286887} = {1E01ABE0-B494-4FE4-B0D6-540133286887}
		{86F6AAF2-9B50-40B8-A427-1897D76471C5} = {86F6AAF2-9B50-40B8-A427-1897D76471C5}
		{670BDDFF-927B-425D-9DD1-22ACB14356EB} = {670BDDFF-927B-425D-9DD1-22ACB14356EB}
	EndProjectSection
EndProject
Project("{FAE04EC0-301F-11D3-BF4B-00C04F79EFBC}") = "Tesselate", "Submodules\agg-sharp\Tesselate\Tesselate.csproj", "{AE37DE1F-22F7-49EE-8732-FC6BC8DC58D9}"
EndProject
Project("{FAE04EC0-301F-11D3-BF4B-00C04F79EFBC}") = "PlatformWin32", "Submodules\agg-sharp\PlatformWin32\PlatformWin32.csproj", "{670BDDFF-927B-425D-9DD1-22ACB14356EB}"
	ProjectSection(ProjectDependencies) = postProject
		{D3E41B4E-BFBB-44CA-94C8-95C00F754FDD} = {D3E41B4E-BFBB-44CA-94C8-95C00F754FDD}
		{74F6BB6C-9D02-4512-A59A-21940E35C532} = {74F6BB6C-9D02-4512-A59A-21940E35C532}
		{657DBC6D-C3EA-4398-A3FA-DDB73C14F71B} = {657DBC6D-C3EA-4398-A3FA-DDB73C14F71B}
	EndProjectSection
EndProject
Project("{FAE04EC0-301F-11D3-BF4B-00C04F79EFBC}") = "VectorMath", "Submodules\agg-sharp\VectorMath\VectorMath.csproj", "{D3E41B4E-BFBB-44CA-94C8-95C00F754FDD}"
EndProject
Project("{FAE04EC0-301F-11D3-BF4B-00C04F79EFBC}") = "RenderOpenGl", "Submodules\agg-sharp\RenderOpenGl\RenderOpenGl.csproj", "{545B6912-77FF-4B34-BA76-6C3D6A32BE6A}"
EndProject
Project("{FAE04EC0-301F-11D3-BF4B-00C04F79EFBC}") = "Gui", "Submodules\agg-sharp\Gui\Gui.csproj", "{74F6BB6C-9D02-4512-A59A-21940E35C532}"
EndProject
Project("{FAE04EC0-301F-11D3-BF4B-00C04F79EFBC}") = "Csg", "Submodules\agg-sharp\Csg\Csg.csproj", "{7E61A5BD-E78F-4B80-88C9-3821B4FA062E}"
EndProject
Project("{FAE04EC0-301F-11D3-BF4B-00C04F79EFBC}") = "PolygonMesh", "Submodules\agg-sharp\PolygonMesh\PolygonMesh.csproj", "{86F6AAF2-9B50-40B8-A427-1897D76471C5}"
EndProject
Project("{FAE04EC0-301F-11D3-BF4B-00C04F79EFBC}") = "Agg", "Submodules\agg-sharp\agg\Agg.csproj", "{657DBC6D-C3EA-4398-A3FA-DDB73C14F71B}"
EndProject
Project("{FAE04EC0-301F-11D3-BF4B-00C04F79EFBC}") = "OpenGlGui", "Submodules\agg-sharp\OpenGlGui\OpenGlGui.csproj", "{C958F745-156E-4BDC-A24A-3721C7BE7B8A}"
EndProject
Project("{FAE04EC0-301F-11D3-BF4B-00C04F79EFBC}") = "Community.CsharpSqlite", "Community.CsharpSqlite\Community.CsharpSqlite.csproj", "{F1653F20-D47D-4F29-8C55-3C835542AF5F}"
EndProject
Project("{FAE04EC0-301F-11D3-BF4B-00C04F79EFBC}") = "RayTracer", "Submodules\agg-sharp\RayTracer\RayTracer.csproj", "{1E01ABE0-B494-4FE4-B0D6-540133286887}"
EndProject
Project("{FAE04EC0-301F-11D3-BF4B-00C04F79EFBC}") = "Localizations", "Submodules\agg-sharp\Localizations\Localizations.csproj", "{CA96058C-1A37-465D-A357-D6D695B13D25}"
EndProject
Project("{FAE04EC0-301F-11D3-BF4B-00C04F79EFBC}") = "ImageProcessing", "Submodules\agg-sharp\ImageProcessing\ImageProcessing.csproj", "{036BCCBA-52D8-457C-84AE-8821F209FE4A}"
EndProject
Project("{FAE04EC0-301F-11D3-BF4B-00C04F79EFBC}") = "clipper_library", "Submodules\agg-sharp\clipper_library\clipper_library.csproj", "{9B062971-A88E-4A3D-B3C9-12B78D15FA66}"
EndProject
Project("{FAE04EC0-301F-11D3-BF4B-00C04F79EFBC}") = "MarchingSquares", "Submodules\agg-sharp\MarchingSquares\MarchingSquares.csproj", "{DF6845CD-64C6-4263-8357-DA8066855739}"
EndProject
Project("{FAE04EC0-301F-11D3-BF4B-00C04F79EFBC}") = "MatterControlPluginSystem", "PluginSystem\MatterControlPluginSystem.csproj", "{865172A0-A1A9-49C2-9386-F2FDB4E141B7}"
EndProject
Project("{FAE04EC0-301F-11D3-BF4B-00C04F79EFBC}") = "MatterSlice", "Submodules\MatterSlice\MatterSlice.csproj", "{C46CA728-DD2F-4DD1-971A-AAA89D9DFF95}"
EndProject
Project("{FAE04EC0-301F-11D3-BF4B-00C04F79EFBC}") = "Launcher", "Launcher\Launcher.csproj", "{3DF4CB3D-9A03-4256-9A81-70523AAD828B}"
EndProject
Project("{2150E333-8FDC-42A3-9474-1A3956D46DE8}") = "agg-sharp", "agg-sharp", "{2AB9B589-5C98-4C05-BBEA-F97DAE168EAB}"
EndProject
Project("{FAE04EC0-301F-11D3-BF4B-00C04F79EFBC}") = "InfInstaller", "PrinterDriverInstaller\InfInstaller.csproj", "{990A9AD3-B6A4-407B-9DFC-9C722AF7C9B9}"
EndProject
Project("{2150E333-8FDC-42A3-9474-1A3956D46DE8}") = "Tests", "Tests", "{FBE6DF29-85A9-4A8B-B739-35BE4CA0A9B7}"
EndProject
Project("{2150E333-8FDC-42A3-9474-1A3956D46DE8}") = "Plugins", "Plugins", "{32E5B656-D6DF-415E-9E7E-D03F1D8C3A8A}"
EndProject
Project("{FAE04EC0-301F-11D3-BF4B-00C04F79EFBC}") = "TextCreator", "TextCreator\TextCreator.csproj", "{F49EC1DD-D645-4709-8667-B57318AF67B0}"
EndProject
Project("{FAE04EC0-301F-11D3-BF4B-00C04F79EFBC}") = "DataConverters3D", "Submodules\agg-sharp\DataConverters3D\DataConverters3D.csproj", "{04667764-DC7B-4B95-AEF6-B4E6C87A54E9}"
EndProject
Project("{FAE04EC0-301F-11D3-BF4B-00C04F79EFBC}") = "MatterControl.Tests", "Tests\MatterControl.Tests\MatterControl.Tests.csproj", "{E1455E5C-127C-4282-8CC5-452C300E91D0}"
EndProject
Project("{FAE04EC0-301F-11D3-BF4B-00C04F79EFBC}") = "Agg.Tests", "Submodules\agg-sharp\Tests\Agg.Tests\Agg.Tests.csproj", "{195CBE56-E654-437B-AB05-3BE1B9452497}"
EndProject
Project("{FAE04EC0-301F-11D3-BF4B-00C04F79EFBC}") = "MatterSlice.Tests", "Submodules\MatterSlice\Tests\MatterSlice.Tests\MatterSlice.Tests.csproj", "{8CD15B23-D30F-470E-99BA-9276FB7CABD4}"
EndProject
Project("{FAE04EC0-301F-11D3-BF4B-00C04F79EFBC}") = "GuiAutomation", "Submodules\agg-sharp\GuiAutomation\GuiAutomation.csproj", "{E9102310-0029-4D8F-B1E9-88FBA6147D45}"
EndProject
Project("{FAE04EC0-301F-11D3-BF4B-00C04F79EFBC}") = "DataConverters2D", "Submodules\agg-sharp\DataConverters2D\DataConverters2D.csproj", "{94838988-523C-4B11-AD82-8B9B76F23A31}"
EndProject
Project("{FAE04EC0-301F-11D3-BF4B-00C04F79EFBC}") = "MatterControl.AutomationTests", "Tests\MatterControl.AutomationTests\MatterControl.AutomationTests.csproj", "{418E7058-92EE-4329-86BA-AC26B65AFB25}"
EndProject
Project("{2150E333-8FDC-42A3-9474-1A3956D46DE8}") = "Tools", "Tools", "{FED00F38-E911-45E1-A788-26980E84C3D6}"
EndProject
Project("{FAE04EC0-301F-11D3-BF4B-00C04F79EFBC}") = "Net3dBool", "Submodules\agg-sharp\PolygonMesh\Net3dBool\Net3dBool.csproj", "{7EE4636D-8A92-4015-9562-7FCD6ADD0645}"
EndProject
Project("{FAE04EC0-301F-11D3-BF4B-00C04F79EFBC}") = "PrinterEmulator", "PrinterEmulator\PrinterEmulator.csproj", "{BB58CA42-991B-41B7-BDE7-DCD2911DF8B9}"
EndProject
Project("{2150E333-8FDC-42A3-9474-1A3956D46DE8}") = "MatterSlice", "MatterSlice", "{57647FCB-8F00-4C05-972C-3CF6ACD12A63}"
EndProject
Project("{FAE04EC0-301F-11D3-BF4B-00C04F79EFBC}") = "Pathfinding", "Submodules\MatterSlice\Pathfinding\Pathfinding.csproj", "{8CB3464F-6130-4EDB-8DC6-CCD2697FAFBB}"
EndProject
Project("{FAE04EC0-301F-11D3-BF4B-00C04F79EFBC}") = "QuadTree", "Submodules\MatterSlice\QuadTree\QuadTree.csproj", "{23EC3364-7C93-4169-9AB2-7181C66004C0}"
EndProject
Project("{FAE04EC0-301F-11D3-BF4B-00C04F79EFBC}") = "MSClipperLib", "Submodules\MatterSlice\MSClipperLib\MSClipperLib.csproj", "{2C564BE1-352D-4DDB-8226-F0981F983C60}"
EndProject
Project("{FAE04EC0-301F-11D3-BF4B-00C04F79EFBC}") = "MeshThumbnails", "Submodules\agg-sharp\MeshThumbnails\MeshThumbnails\MeshThumbnails.csproj", "{1A901129-C885-425F-8D4B-86698F98A2B4}"
EndProject
Project("{FAE04EC0-301F-11D3-BF4B-00C04F79EFBC}") = "MatterControl.OpenGL", "MatterControl.OpenGL\MatterControl.OpenGL.csproj", "{CBDEEC31-D688-417B-9BF2-F0DB2E4FB268}"
EndProject
Project("{FAE04EC0-301F-11D3-BF4B-00C04F79EFBC}") = "MatterControl.Printing", "MatterControl.Printing\MatterControl.Printing.csproj", "{97D5ADE3-C1B4-4B46-8A3E-718A4F7F079F}"
EndProject
Global
	GlobalSection(SolutionConfigurationPlatforms) = preSolution
		Debug|Any CPU = Debug|Any CPU
		Debug|Mixed Platforms = Debug|Mixed Platforms
		Release|Any CPU = Release|Any CPU
		Release|Mixed Platforms = Release|Mixed Platforms
	EndGlobalSection
	GlobalSection(ProjectConfigurationPlatforms) = postSolution
		{0B8D6F56-BD7F-4426-B858-D9292B084656}.Debug|Any CPU.ActiveCfg = Debug|Any CPU
		{0B8D6F56-BD7F-4426-B858-D9292B084656}.Debug|Any CPU.Build.0 = Debug|Any CPU
		{0B8D6F56-BD7F-4426-B858-D9292B084656}.Debug|Mixed Platforms.ActiveCfg = Debug|Any CPU
		{0B8D6F56-BD7F-4426-B858-D9292B084656}.Debug|Mixed Platforms.Build.0 = Debug|Any CPU
		{0B8D6F56-BD7F-4426-B858-D9292B084656}.Release|Any CPU.ActiveCfg = Release|Any CPU
		{0B8D6F56-BD7F-4426-B858-D9292B084656}.Release|Any CPU.Build.0 = Release|Any CPU
		{0B8D6F56-BD7F-4426-B858-D9292B084656}.Release|Mixed Platforms.ActiveCfg = Release|Any CPU
		{0B8D6F56-BD7F-4426-B858-D9292B084656}.Release|Mixed Platforms.Build.0 = Release|Any CPU
		{AE37DE1F-22F7-49EE-8732-FC6BC8DC58D9}.Debug|Any CPU.ActiveCfg = Debug|Any CPU
		{AE37DE1F-22F7-49EE-8732-FC6BC8DC58D9}.Debug|Any CPU.Build.0 = Debug|Any CPU
		{AE37DE1F-22F7-49EE-8732-FC6BC8DC58D9}.Debug|Mixed Platforms.ActiveCfg = Debug|Any CPU
		{AE37DE1F-22F7-49EE-8732-FC6BC8DC58D9}.Debug|Mixed Platforms.Build.0 = Debug|Any CPU
		{AE37DE1F-22F7-49EE-8732-FC6BC8DC58D9}.Release|Any CPU.ActiveCfg = Release|Any CPU
		{AE37DE1F-22F7-49EE-8732-FC6BC8DC58D9}.Release|Any CPU.Build.0 = Release|Any CPU
		{AE37DE1F-22F7-49EE-8732-FC6BC8DC58D9}.Release|Mixed Platforms.ActiveCfg = Release|Any CPU
		{AE37DE1F-22F7-49EE-8732-FC6BC8DC58D9}.Release|Mixed Platforms.Build.0 = Release|Any CPU
		{670BDDFF-927B-425D-9DD1-22ACB14356EB}.Debug|Any CPU.ActiveCfg = Debug|Any CPU
		{670BDDFF-927B-425D-9DD1-22ACB14356EB}.Debug|Any CPU.Build.0 = Debug|Any CPU
		{670BDDFF-927B-425D-9DD1-22ACB14356EB}.Debug|Mixed Platforms.ActiveCfg = Debug|Any CPU
		{670BDDFF-927B-425D-9DD1-22ACB14356EB}.Debug|Mixed Platforms.Build.0 = Debug|Any CPU
		{670BDDFF-927B-425D-9DD1-22ACB14356EB}.Release|Any CPU.ActiveCfg = Release|Any CPU
		{670BDDFF-927B-425D-9DD1-22ACB14356EB}.Release|Any CPU.Build.0 = Release|Any CPU
		{670BDDFF-927B-425D-9DD1-22ACB14356EB}.Release|Mixed Platforms.ActiveCfg = Release|Any CPU
		{670BDDFF-927B-425D-9DD1-22ACB14356EB}.Release|Mixed Platforms.Build.0 = Release|Any CPU
		{D3E41B4E-BFBB-44CA-94C8-95C00F754FDD}.Debug|Any CPU.ActiveCfg = Debug|Any CPU
		{D3E41B4E-BFBB-44CA-94C8-95C00F754FDD}.Debug|Any CPU.Build.0 = Debug|Any CPU
		{D3E41B4E-BFBB-44CA-94C8-95C00F754FDD}.Debug|Mixed Platforms.ActiveCfg = Debug|Any CPU
		{D3E41B4E-BFBB-44CA-94C8-95C00F754FDD}.Debug|Mixed Platforms.Build.0 = Debug|Any CPU
		{D3E41B4E-BFBB-44CA-94C8-95C00F754FDD}.Release|Any CPU.ActiveCfg = Release|Any CPU
		{D3E41B4E-BFBB-44CA-94C8-95C00F754FDD}.Release|Any CPU.Build.0 = Release|Any CPU
		{D3E41B4E-BFBB-44CA-94C8-95C00F754FDD}.Release|Mixed Platforms.ActiveCfg = Release|Any CPU
		{D3E41B4E-BFBB-44CA-94C8-95C00F754FDD}.Release|Mixed Platforms.Build.0 = Release|Any CPU
		{545B6912-77FF-4B34-BA76-6C3D6A32BE6A}.Debug|Any CPU.ActiveCfg = Debug|Any CPU
		{545B6912-77FF-4B34-BA76-6C3D6A32BE6A}.Debug|Any CPU.Build.0 = Debug|Any CPU
		{545B6912-77FF-4B34-BA76-6C3D6A32BE6A}.Debug|Mixed Platforms.ActiveCfg = Debug|Any CPU
		{545B6912-77FF-4B34-BA76-6C3D6A32BE6A}.Debug|Mixed Platforms.Build.0 = Debug|Any CPU
		{545B6912-77FF-4B34-BA76-6C3D6A32BE6A}.Release|Any CPU.ActiveCfg = Release|Any CPU
		{545B6912-77FF-4B34-BA76-6C3D6A32BE6A}.Release|Any CPU.Build.0 = Release|Any CPU
		{545B6912-77FF-4B34-BA76-6C3D6A32BE6A}.Release|Mixed Platforms.ActiveCfg = Release|Any CPU
		{545B6912-77FF-4B34-BA76-6C3D6A32BE6A}.Release|Mixed Platforms.Build.0 = Release|Any CPU
		{74F6BB6C-9D02-4512-A59A-21940E35C532}.Debug|Any CPU.ActiveCfg = Debug|Any CPU
		{74F6BB6C-9D02-4512-A59A-21940E35C532}.Debug|Any CPU.Build.0 = Debug|Any CPU
		{74F6BB6C-9D02-4512-A59A-21940E35C532}.Debug|Mixed Platforms.ActiveCfg = Debug|Any CPU
		{74F6BB6C-9D02-4512-A59A-21940E35C532}.Debug|Mixed Platforms.Build.0 = Debug|Any CPU
		{74F6BB6C-9D02-4512-A59A-21940E35C532}.Release|Any CPU.ActiveCfg = Release|Any CPU
		{74F6BB6C-9D02-4512-A59A-21940E35C532}.Release|Any CPU.Build.0 = Release|Any CPU
		{74F6BB6C-9D02-4512-A59A-21940E35C532}.Release|Mixed Platforms.ActiveCfg = Release|Any CPU
		{74F6BB6C-9D02-4512-A59A-21940E35C532}.Release|Mixed Platforms.Build.0 = Release|Any CPU
		{7E61A5BD-E78F-4B80-88C9-3821B4FA062E}.Debug|Any CPU.ActiveCfg = Debug|Any CPU
		{7E61A5BD-E78F-4B80-88C9-3821B4FA062E}.Debug|Any CPU.Build.0 = Debug|Any CPU
		{7E61A5BD-E78F-4B80-88C9-3821B4FA062E}.Debug|Mixed Platforms.ActiveCfg = Debug|Any CPU
		{7E61A5BD-E78F-4B80-88C9-3821B4FA062E}.Debug|Mixed Platforms.Build.0 = Debug|Any CPU
		{7E61A5BD-E78F-4B80-88C9-3821B4FA062E}.Release|Any CPU.ActiveCfg = Release|Any CPU
		{7E61A5BD-E78F-4B80-88C9-3821B4FA062E}.Release|Any CPU.Build.0 = Release|Any CPU
		{7E61A5BD-E78F-4B80-88C9-3821B4FA062E}.Release|Mixed Platforms.ActiveCfg = Release|Any CPU
		{7E61A5BD-E78F-4B80-88C9-3821B4FA062E}.Release|Mixed Platforms.Build.0 = Release|Any CPU
		{86F6AAF2-9B50-40B8-A427-1897D76471C5}.Debug|Any CPU.ActiveCfg = Debug|Any CPU
		{86F6AAF2-9B50-40B8-A427-1897D76471C5}.Debug|Any CPU.Build.0 = Debug|Any CPU
		{86F6AAF2-9B50-40B8-A427-1897D76471C5}.Debug|Mixed Platforms.ActiveCfg = Debug|Any CPU
		{86F6AAF2-9B50-40B8-A427-1897D76471C5}.Debug|Mixed Platforms.Build.0 = Debug|Any CPU
		{86F6AAF2-9B50-40B8-A427-1897D76471C5}.Release|Any CPU.ActiveCfg = Release|Any CPU
		{86F6AAF2-9B50-40B8-A427-1897D76471C5}.Release|Any CPU.Build.0 = Release|Any CPU
		{86F6AAF2-9B50-40B8-A427-1897D76471C5}.Release|Mixed Platforms.ActiveCfg = Release|Any CPU
		{86F6AAF2-9B50-40B8-A427-1897D76471C5}.Release|Mixed Platforms.Build.0 = Release|Any CPU
		{657DBC6D-C3EA-4398-A3FA-DDB73C14F71B}.Debug|Any CPU.ActiveCfg = Debug|Any CPU
		{657DBC6D-C3EA-4398-A3FA-DDB73C14F71B}.Debug|Any CPU.Build.0 = Debug|Any CPU
		{657DBC6D-C3EA-4398-A3FA-DDB73C14F71B}.Debug|Mixed Platforms.ActiveCfg = Debug|Any CPU
		{657DBC6D-C3EA-4398-A3FA-DDB73C14F71B}.Debug|Mixed Platforms.Build.0 = Debug|Any CPU
		{657DBC6D-C3EA-4398-A3FA-DDB73C14F71B}.Release|Any CPU.ActiveCfg = Release|Any CPU
		{657DBC6D-C3EA-4398-A3FA-DDB73C14F71B}.Release|Any CPU.Build.0 = Release|Any CPU
		{657DBC6D-C3EA-4398-A3FA-DDB73C14F71B}.Release|Mixed Platforms.ActiveCfg = Release|Any CPU
		{657DBC6D-C3EA-4398-A3FA-DDB73C14F71B}.Release|Mixed Platforms.Build.0 = Release|Any CPU
		{C958F745-156E-4BDC-A24A-3721C7BE7B8A}.Debug|Any CPU.ActiveCfg = Debug|Any CPU
		{C958F745-156E-4BDC-A24A-3721C7BE7B8A}.Debug|Any CPU.Build.0 = Debug|Any CPU
		{C958F745-156E-4BDC-A24A-3721C7BE7B8A}.Debug|Mixed Platforms.ActiveCfg = Debug|Any CPU
		{C958F745-156E-4BDC-A24A-3721C7BE7B8A}.Debug|Mixed Platforms.Build.0 = Debug|Any CPU
		{C958F745-156E-4BDC-A24A-3721C7BE7B8A}.Release|Any CPU.ActiveCfg = Release|Any CPU
		{C958F745-156E-4BDC-A24A-3721C7BE7B8A}.Release|Any CPU.Build.0 = Release|Any CPU
		{C958F745-156E-4BDC-A24A-3721C7BE7B8A}.Release|Mixed Platforms.ActiveCfg = Release|Any CPU
		{C958F745-156E-4BDC-A24A-3721C7BE7B8A}.Release|Mixed Platforms.Build.0 = Release|Any CPU
		{F1653F20-D47D-4F29-8C55-3C835542AF5F}.Debug|Any CPU.ActiveCfg = Debug|Any CPU
		{F1653F20-D47D-4F29-8C55-3C835542AF5F}.Debug|Any CPU.Build.0 = Debug|Any CPU
		{F1653F20-D47D-4F29-8C55-3C835542AF5F}.Debug|Mixed Platforms.ActiveCfg = Debug|Any CPU
		{F1653F20-D47D-4F29-8C55-3C835542AF5F}.Debug|Mixed Platforms.Build.0 = Debug|Any CPU
		{F1653F20-D47D-4F29-8C55-3C835542AF5F}.Release|Any CPU.ActiveCfg = Release|Any CPU
		{F1653F20-D47D-4F29-8C55-3C835542AF5F}.Release|Any CPU.Build.0 = Release|Any CPU
		{F1653F20-D47D-4F29-8C55-3C835542AF5F}.Release|Mixed Platforms.ActiveCfg = Release|Any CPU
		{F1653F20-D47D-4F29-8C55-3C835542AF5F}.Release|Mixed Platforms.Build.0 = Release|Any CPU
		{1E01ABE0-B494-4FE4-B0D6-540133286887}.Debug|Any CPU.ActiveCfg = Debug|Any CPU
		{1E01ABE0-B494-4FE4-B0D6-540133286887}.Debug|Any CPU.Build.0 = Debug|Any CPU
		{1E01ABE0-B494-4FE4-B0D6-540133286887}.Debug|Mixed Platforms.ActiveCfg = Debug|Any CPU
		{1E01ABE0-B494-4FE4-B0D6-540133286887}.Debug|Mixed Platforms.Build.0 = Debug|Any CPU
		{1E01ABE0-B494-4FE4-B0D6-540133286887}.Release|Any CPU.ActiveCfg = Release|Any CPU
		{1E01ABE0-B494-4FE4-B0D6-540133286887}.Release|Any CPU.Build.0 = Release|Any CPU
		{1E01ABE0-B494-4FE4-B0D6-540133286887}.Release|Mixed Platforms.ActiveCfg = Release|Any CPU
		{1E01ABE0-B494-4FE4-B0D6-540133286887}.Release|Mixed Platforms.Build.0 = Release|Any CPU
		{CA96058C-1A37-465D-A357-D6D695B13D25}.Debug|Any CPU.ActiveCfg = Debug|Any CPU
		{CA96058C-1A37-465D-A357-D6D695B13D25}.Debug|Any CPU.Build.0 = Debug|Any CPU
		{CA96058C-1A37-465D-A357-D6D695B13D25}.Debug|Mixed Platforms.ActiveCfg = Debug|Any CPU
		{CA96058C-1A37-465D-A357-D6D695B13D25}.Debug|Mixed Platforms.Build.0 = Debug|Any CPU
		{CA96058C-1A37-465D-A357-D6D695B13D25}.Release|Any CPU.ActiveCfg = Release|Any CPU
		{CA96058C-1A37-465D-A357-D6D695B13D25}.Release|Any CPU.Build.0 = Release|Any CPU
		{CA96058C-1A37-465D-A357-D6D695B13D25}.Release|Mixed Platforms.ActiveCfg = Release|Any CPU
		{CA96058C-1A37-465D-A357-D6D695B13D25}.Release|Mixed Platforms.Build.0 = Release|Any CPU
		{036BCCBA-52D8-457C-84AE-8821F209FE4A}.Debug|Any CPU.ActiveCfg = Debug|Any CPU
		{036BCCBA-52D8-457C-84AE-8821F209FE4A}.Debug|Any CPU.Build.0 = Debug|Any CPU
		{036BCCBA-52D8-457C-84AE-8821F209FE4A}.Debug|Mixed Platforms.ActiveCfg = Debug|Any CPU
		{036BCCBA-52D8-457C-84AE-8821F209FE4A}.Debug|Mixed Platforms.Build.0 = Debug|Any CPU
		{036BCCBA-52D8-457C-84AE-8821F209FE4A}.Release|Any CPU.ActiveCfg = Release|Any CPU
		{036BCCBA-52D8-457C-84AE-8821F209FE4A}.Release|Any CPU.Build.0 = Release|Any CPU
		{036BCCBA-52D8-457C-84AE-8821F209FE4A}.Release|Mixed Platforms.ActiveCfg = Release|Any CPU
		{036BCCBA-52D8-457C-84AE-8821F209FE4A}.Release|Mixed Platforms.Build.0 = Release|Any CPU
		{9B062971-A88E-4A3D-B3C9-12B78D15FA66}.Debug|Any CPU.ActiveCfg = Debug|Any CPU
		{9B062971-A88E-4A3D-B3C9-12B78D15FA66}.Debug|Any CPU.Build.0 = Debug|Any CPU
		{9B062971-A88E-4A3D-B3C9-12B78D15FA66}.Debug|Mixed Platforms.ActiveCfg = Debug|Any CPU
		{9B062971-A88E-4A3D-B3C9-12B78D15FA66}.Debug|Mixed Platforms.Build.0 = Debug|Any CPU
		{9B062971-A88E-4A3D-B3C9-12B78D15FA66}.Release|Any CPU.ActiveCfg = Release|Any CPU
		{9B062971-A88E-4A3D-B3C9-12B78D15FA66}.Release|Any CPU.Build.0 = Release|Any CPU
		{9B062971-A88E-4A3D-B3C9-12B78D15FA66}.Release|Mixed Platforms.ActiveCfg = Release|Any CPU
		{9B062971-A88E-4A3D-B3C9-12B78D15FA66}.Release|Mixed Platforms.Build.0 = Release|Any CPU
		{DF6845CD-64C6-4263-8357-DA8066855739}.Debug|Any CPU.ActiveCfg = Debug|Any CPU
		{DF6845CD-64C6-4263-8357-DA8066855739}.Debug|Any CPU.Build.0 = Debug|Any CPU
		{DF6845CD-64C6-4263-8357-DA8066855739}.Debug|Mixed Platforms.ActiveCfg = Debug|Any CPU
		{DF6845CD-64C6-4263-8357-DA8066855739}.Debug|Mixed Platforms.Build.0 = Debug|Any CPU
		{DF6845CD-64C6-4263-8357-DA8066855739}.Release|Any CPU.ActiveCfg = Release|Any CPU
		{DF6845CD-64C6-4263-8357-DA8066855739}.Release|Any CPU.Build.0 = Release|Any CPU
		{DF6845CD-64C6-4263-8357-DA8066855739}.Release|Mixed Platforms.ActiveCfg = Release|Any CPU
		{DF6845CD-64C6-4263-8357-DA8066855739}.Release|Mixed Platforms.Build.0 = Release|Any CPU
		{865172A0-A1A9-49C2-9386-F2FDB4E141B7}.Debug|Any CPU.ActiveCfg = Debug|Any CPU
		{865172A0-A1A9-49C2-9386-F2FDB4E141B7}.Debug|Any CPU.Build.0 = Debug|Any CPU
		{865172A0-A1A9-49C2-9386-F2FDB4E141B7}.Debug|Mixed Platforms.ActiveCfg = Debug|Any CPU
		{865172A0-A1A9-49C2-9386-F2FDB4E141B7}.Debug|Mixed Platforms.Build.0 = Debug|Any CPU
		{865172A0-A1A9-49C2-9386-F2FDB4E141B7}.Release|Any CPU.ActiveCfg = Release|Any CPU
		{865172A0-A1A9-49C2-9386-F2FDB4E141B7}.Release|Any CPU.Build.0 = Release|Any CPU
		{865172A0-A1A9-49C2-9386-F2FDB4E141B7}.Release|Mixed Platforms.ActiveCfg = Release|Any CPU
		{865172A0-A1A9-49C2-9386-F2FDB4E141B7}.Release|Mixed Platforms.Build.0 = Release|Any CPU
		{C46CA728-DD2F-4DD1-971A-AAA89D9DFF95}.Debug|Any CPU.ActiveCfg = Debug|Any CPU
		{C46CA728-DD2F-4DD1-971A-AAA89D9DFF95}.Debug|Any CPU.Build.0 = Debug|Any CPU
		{C46CA728-DD2F-4DD1-971A-AAA89D9DFF95}.Debug|Mixed Platforms.ActiveCfg = Debug|Any CPU
		{C46CA728-DD2F-4DD1-971A-AAA89D9DFF95}.Debug|Mixed Platforms.Build.0 = Debug|Any CPU
		{C46CA728-DD2F-4DD1-971A-AAA89D9DFF95}.Release|Any CPU.ActiveCfg = Release|Any CPU
		{C46CA728-DD2F-4DD1-971A-AAA89D9DFF95}.Release|Any CPU.Build.0 = Release|Any CPU
		{C46CA728-DD2F-4DD1-971A-AAA89D9DFF95}.Release|Mixed Platforms.ActiveCfg = Release|Any CPU
		{C46CA728-DD2F-4DD1-971A-AAA89D9DFF95}.Release|Mixed Platforms.Build.0 = Release|Any CPU
		{3DF4CB3D-9A03-4256-9A81-70523AAD828B}.Debug|Any CPU.ActiveCfg = Debug|Any CPU
		{3DF4CB3D-9A03-4256-9A81-70523AAD828B}.Debug|Any CPU.Build.0 = Debug|Any CPU
		{3DF4CB3D-9A03-4256-9A81-70523AAD828B}.Debug|Mixed Platforms.ActiveCfg = Debug|Any CPU
		{3DF4CB3D-9A03-4256-9A81-70523AAD828B}.Debug|Mixed Platforms.Build.0 = Debug|Any CPU
		{3DF4CB3D-9A03-4256-9A81-70523AAD828B}.Release|Any CPU.ActiveCfg = Release|Any CPU
		{3DF4CB3D-9A03-4256-9A81-70523AAD828B}.Release|Any CPU.Build.0 = Release|Any CPU
		{3DF4CB3D-9A03-4256-9A81-70523AAD828B}.Release|Mixed Platforms.ActiveCfg = Release|Any CPU
		{3DF4CB3D-9A03-4256-9A81-70523AAD828B}.Release|Mixed Platforms.Build.0 = Release|Any CPU
		{990A9AD3-B6A4-407B-9DFC-9C722AF7C9B9}.Debug|Any CPU.ActiveCfg = Debug|Any CPU
		{990A9AD3-B6A4-407B-9DFC-9C722AF7C9B9}.Debug|Any CPU.Build.0 = Debug|Any CPU
		{990A9AD3-B6A4-407B-9DFC-9C722AF7C9B9}.Debug|Mixed Platforms.ActiveCfg = Debug|Any CPU
		{990A9AD3-B6A4-407B-9DFC-9C722AF7C9B9}.Debug|Mixed Platforms.Build.0 = Debug|Any CPU
		{990A9AD3-B6A4-407B-9DFC-9C722AF7C9B9}.Release|Any CPU.ActiveCfg = Release|Any CPU
		{990A9AD3-B6A4-407B-9DFC-9C722AF7C9B9}.Release|Any CPU.Build.0 = Release|Any CPU
		{990A9AD3-B6A4-407B-9DFC-9C722AF7C9B9}.Release|Mixed Platforms.ActiveCfg = Release|Any CPU
		{990A9AD3-B6A4-407B-9DFC-9C722AF7C9B9}.Release|Mixed Platforms.Build.0 = Release|Any CPU
		{F49EC1DD-D645-4709-8667-B57318AF67B0}.Debug|Any CPU.ActiveCfg = Debug|Any CPU
		{F49EC1DD-D645-4709-8667-B57318AF67B0}.Debug|Any CPU.Build.0 = Debug|Any CPU
		{F49EC1DD-D645-4709-8667-B57318AF67B0}.Debug|Mixed Platforms.ActiveCfg = Debug|Any CPU
		{F49EC1DD-D645-4709-8667-B57318AF67B0}.Debug|Mixed Platforms.Build.0 = Debug|Any CPU
		{F49EC1DD-D645-4709-8667-B57318AF67B0}.Release|Any CPU.ActiveCfg = Release|Any CPU
		{F49EC1DD-D645-4709-8667-B57318AF67B0}.Release|Any CPU.Build.0 = Release|Any CPU
		{F49EC1DD-D645-4709-8667-B57318AF67B0}.Release|Mixed Platforms.ActiveCfg = Release|Any CPU
		{F49EC1DD-D645-4709-8667-B57318AF67B0}.Release|Mixed Platforms.Build.0 = Release|Any CPU
		{04667764-DC7B-4B95-AEF6-B4E6C87A54E9}.Debug|Any CPU.ActiveCfg = Debug|Any CPU
		{04667764-DC7B-4B95-AEF6-B4E6C87A54E9}.Debug|Any CPU.Build.0 = Debug|Any CPU
		{04667764-DC7B-4B95-AEF6-B4E6C87A54E9}.Debug|Mixed Platforms.ActiveCfg = Debug|Any CPU
		{04667764-DC7B-4B95-AEF6-B4E6C87A54E9}.Debug|Mixed Platforms.Build.0 = Debug|Any CPU
		{04667764-DC7B-4B95-AEF6-B4E6C87A54E9}.Release|Any CPU.ActiveCfg = Release|Any CPU
		{04667764-DC7B-4B95-AEF6-B4E6C87A54E9}.Release|Any CPU.Build.0 = Release|Any CPU
		{04667764-DC7B-4B95-AEF6-B4E6C87A54E9}.Release|Mixed Platforms.ActiveCfg = Release|Any CPU
		{04667764-DC7B-4B95-AEF6-B4E6C87A54E9}.Release|Mixed Platforms.Build.0 = Release|Any CPU
		{E1455E5C-127C-4282-8CC5-452C300E91D0}.Debug|Any CPU.ActiveCfg = Debug|Any CPU
		{E1455E5C-127C-4282-8CC5-452C300E91D0}.Debug|Any CPU.Build.0 = Debug|Any CPU
		{E1455E5C-127C-4282-8CC5-452C300E91D0}.Debug|Mixed Platforms.ActiveCfg = Debug|Any CPU
		{E1455E5C-127C-4282-8CC5-452C300E91D0}.Debug|Mixed Platforms.Build.0 = Debug|Any CPU
		{E1455E5C-127C-4282-8CC5-452C300E91D0}.Release|Any CPU.ActiveCfg = Release|Any CPU
		{E1455E5C-127C-4282-8CC5-452C300E91D0}.Release|Any CPU.Build.0 = Release|Any CPU
		{E1455E5C-127C-4282-8CC5-452C300E91D0}.Release|Mixed Platforms.ActiveCfg = Release|Any CPU
		{E1455E5C-127C-4282-8CC5-452C300E91D0}.Release|Mixed Platforms.Build.0 = Release|Any CPU
		{195CBE56-E654-437B-AB05-3BE1B9452497}.Debug|Any CPU.ActiveCfg = Debug|Any CPU
		{195CBE56-E654-437B-AB05-3BE1B9452497}.Debug|Any CPU.Build.0 = Debug|Any CPU
		{195CBE56-E654-437B-AB05-3BE1B9452497}.Debug|Mixed Platforms.ActiveCfg = Debug|Any CPU
		{195CBE56-E654-437B-AB05-3BE1B9452497}.Debug|Mixed Platforms.Build.0 = Debug|Any CPU
		{195CBE56-E654-437B-AB05-3BE1B9452497}.Release|Any CPU.ActiveCfg = Release|Any CPU
		{195CBE56-E654-437B-AB05-3BE1B9452497}.Release|Any CPU.Build.0 = Release|Any CPU
		{195CBE56-E654-437B-AB05-3BE1B9452497}.Release|Mixed Platforms.ActiveCfg = Release|Any CPU
		{195CBE56-E654-437B-AB05-3BE1B9452497}.Release|Mixed Platforms.Build.0 = Release|Any CPU
		{8CD15B23-D30F-470E-99BA-9276FB7CABD4}.Debug|Any CPU.ActiveCfg = Debug|Any CPU
		{8CD15B23-D30F-470E-99BA-9276FB7CABD4}.Debug|Any CPU.Build.0 = Debug|Any CPU
		{8CD15B23-D30F-470E-99BA-9276FB7CABD4}.Debug|Mixed Platforms.ActiveCfg = Debug|Any CPU
		{8CD15B23-D30F-470E-99BA-9276FB7CABD4}.Debug|Mixed Platforms.Build.0 = Debug|Any CPU
		{8CD15B23-D30F-470E-99BA-9276FB7CABD4}.Release|Any CPU.ActiveCfg = Release|Any CPU
		{8CD15B23-D30F-470E-99BA-9276FB7CABD4}.Release|Any CPU.Build.0 = Release|Any CPU
		{8CD15B23-D30F-470E-99BA-9276FB7CABD4}.Release|Mixed Platforms.ActiveCfg = Release|Any CPU
		{8CD15B23-D30F-470E-99BA-9276FB7CABD4}.Release|Mixed Platforms.Build.0 = Release|Any CPU
		{E9102310-0029-4D8F-B1E9-88FBA6147D45}.Debug|Any CPU.ActiveCfg = Debug|Any CPU
		{E9102310-0029-4D8F-B1E9-88FBA6147D45}.Debug|Any CPU.Build.0 = Debug|Any CPU
		{E9102310-0029-4D8F-B1E9-88FBA6147D45}.Debug|Mixed Platforms.ActiveCfg = Debug|Any CPU
		{E9102310-0029-4D8F-B1E9-88FBA6147D45}.Debug|Mixed Platforms.Build.0 = Debug|Any CPU
		{E9102310-0029-4D8F-B1E9-88FBA6147D45}.Release|Any CPU.ActiveCfg = Release|Any CPU
		{E9102310-0029-4D8F-B1E9-88FBA6147D45}.Release|Any CPU.Build.0 = Release|Any CPU
		{E9102310-0029-4D8F-B1E9-88FBA6147D45}.Release|Mixed Platforms.ActiveCfg = Release|Any CPU
		{E9102310-0029-4D8F-B1E9-88FBA6147D45}.Release|Mixed Platforms.Build.0 = Release|Any CPU
		{94838988-523C-4B11-AD82-8B9B76F23A31}.Debug|Any CPU.ActiveCfg = Debug|Any CPU
		{94838988-523C-4B11-AD82-8B9B76F23A31}.Debug|Any CPU.Build.0 = Debug|Any CPU
		{94838988-523C-4B11-AD82-8B9B76F23A31}.Debug|Mixed Platforms.ActiveCfg = Debug|Any CPU
		{94838988-523C-4B11-AD82-8B9B76F23A31}.Debug|Mixed Platforms.Build.0 = Debug|Any CPU
		{94838988-523C-4B11-AD82-8B9B76F23A31}.Release|Any CPU.ActiveCfg = Release|Any CPU
		{94838988-523C-4B11-AD82-8B9B76F23A31}.Release|Any CPU.Build.0 = Release|Any CPU
		{94838988-523C-4B11-AD82-8B9B76F23A31}.Release|Mixed Platforms.ActiveCfg = Release|Any CPU
		{94838988-523C-4B11-AD82-8B9B76F23A31}.Release|Mixed Platforms.Build.0 = Release|Any CPU
		{418E7058-92EE-4329-86BA-AC26B65AFB25}.Debug|Any CPU.ActiveCfg = Debug|Any CPU
		{418E7058-92EE-4329-86BA-AC26B65AFB25}.Debug|Any CPU.Build.0 = Debug|Any CPU
		{418E7058-92EE-4329-86BA-AC26B65AFB25}.Debug|Mixed Platforms.ActiveCfg = Debug|Any CPU
		{418E7058-92EE-4329-86BA-AC26B65AFB25}.Debug|Mixed Platforms.Build.0 = Debug|Any CPU
		{418E7058-92EE-4329-86BA-AC26B65AFB25}.Release|Any CPU.ActiveCfg = Release|Any CPU
		{418E7058-92EE-4329-86BA-AC26B65AFB25}.Release|Any CPU.Build.0 = Release|Any CPU
		{418E7058-92EE-4329-86BA-AC26B65AFB25}.Release|Mixed Platforms.ActiveCfg = Release|Any CPU
		{418E7058-92EE-4329-86BA-AC26B65AFB25}.Release|Mixed Platforms.Build.0 = Release|Any CPU
		{7EE4636D-8A92-4015-9562-7FCD6ADD0645}.Debug|Any CPU.ActiveCfg = Debug|Any CPU
		{7EE4636D-8A92-4015-9562-7FCD6ADD0645}.Debug|Any CPU.Build.0 = Debug|Any CPU
		{7EE4636D-8A92-4015-9562-7FCD6ADD0645}.Debug|Mixed Platforms.ActiveCfg = Debug|Any CPU
		{7EE4636D-8A92-4015-9562-7FCD6ADD0645}.Debug|Mixed Platforms.Build.0 = Debug|Any CPU
		{7EE4636D-8A92-4015-9562-7FCD6ADD0645}.Release|Any CPU.ActiveCfg = Release|Any CPU
		{7EE4636D-8A92-4015-9562-7FCD6ADD0645}.Release|Any CPU.Build.0 = Release|Any CPU
		{7EE4636D-8A92-4015-9562-7FCD6ADD0645}.Release|Mixed Platforms.ActiveCfg = Release|Any CPU
		{7EE4636D-8A92-4015-9562-7FCD6ADD0645}.Release|Mixed Platforms.Build.0 = Release|Any CPU
		{BB58CA42-991B-41B7-BDE7-DCD2911DF8B9}.Debug|Any CPU.ActiveCfg = Debug|Any CPU
		{BB58CA42-991B-41B7-BDE7-DCD2911DF8B9}.Debug|Any CPU.Build.0 = Debug|Any CPU
		{BB58CA42-991B-41B7-BDE7-DCD2911DF8B9}.Debug|Mixed Platforms.ActiveCfg = Debug|Any CPU
		{BB58CA42-991B-41B7-BDE7-DCD2911DF8B9}.Debug|Mixed Platforms.Build.0 = Debug|Any CPU
		{BB58CA42-991B-41B7-BDE7-DCD2911DF8B9}.Release|Any CPU.ActiveCfg = Release|Any CPU
		{BB58CA42-991B-41B7-BDE7-DCD2911DF8B9}.Release|Any CPU.Build.0 = Release|Any CPU
		{BB58CA42-991B-41B7-BDE7-DCD2911DF8B9}.Release|Mixed Platforms.ActiveCfg = Release|Any CPU
		{BB58CA42-991B-41B7-BDE7-DCD2911DF8B9}.Release|Mixed Platforms.Build.0 = Release|Any CPU
		{8CB3464F-6130-4EDB-8DC6-CCD2697FAFBB}.Debug|Any CPU.ActiveCfg = Debug|Any CPU
		{8CB3464F-6130-4EDB-8DC6-CCD2697FAFBB}.Debug|Any CPU.Build.0 = Debug|Any CPU
		{8CB3464F-6130-4EDB-8DC6-CCD2697FAFBB}.Debug|Mixed Platforms.ActiveCfg = Debug|Any CPU
		{8CB3464F-6130-4EDB-8DC6-CCD2697FAFBB}.Debug|Mixed Platforms.Build.0 = Debug|Any CPU
		{8CB3464F-6130-4EDB-8DC6-CCD2697FAFBB}.Release|Any CPU.ActiveCfg = Release|Any CPU
		{8CB3464F-6130-4EDB-8DC6-CCD2697FAFBB}.Release|Any CPU.Build.0 = Release|Any CPU
		{8CB3464F-6130-4EDB-8DC6-CCD2697FAFBB}.Release|Mixed Platforms.ActiveCfg = Release|Any CPU
		{8CB3464F-6130-4EDB-8DC6-CCD2697FAFBB}.Release|Mixed Platforms.Build.0 = Release|Any CPU
		{23EC3364-7C93-4169-9AB2-7181C66004C0}.Debug|Any CPU.ActiveCfg = Debug|Any CPU
		{23EC3364-7C93-4169-9AB2-7181C66004C0}.Debug|Any CPU.Build.0 = Debug|Any CPU
		{23EC3364-7C93-4169-9AB2-7181C66004C0}.Debug|Mixed Platforms.ActiveCfg = Debug|Any CPU
		{23EC3364-7C93-4169-9AB2-7181C66004C0}.Debug|Mixed Platforms.Build.0 = Debug|Any CPU
		{23EC3364-7C93-4169-9AB2-7181C66004C0}.Release|Any CPU.ActiveCfg = Release|Any CPU
		{23EC3364-7C93-4169-9AB2-7181C66004C0}.Release|Any CPU.Build.0 = Release|Any CPU
		{23EC3364-7C93-4169-9AB2-7181C66004C0}.Release|Mixed Platforms.ActiveCfg = Release|Any CPU
		{23EC3364-7C93-4169-9AB2-7181C66004C0}.Release|Mixed Platforms.Build.0 = Release|Any CPU
		{2C564BE1-352D-4DDB-8226-F0981F983C60}.Debug|Any CPU.ActiveCfg = Debug|Any CPU
		{2C564BE1-352D-4DDB-8226-F0981F983C60}.Debug|Any CPU.Build.0 = Debug|Any CPU
		{2C564BE1-352D-4DDB-8226-F0981F983C60}.Debug|Mixed Platforms.ActiveCfg = Debug|Any CPU
		{2C564BE1-352D-4DDB-8226-F0981F983C60}.Debug|Mixed Platforms.Build.0 = Debug|Any CPU
		{2C564BE1-352D-4DDB-8226-F0981F983C60}.Release|Any CPU.ActiveCfg = Release|Any CPU
		{2C564BE1-352D-4DDB-8226-F0981F983C60}.Release|Any CPU.Build.0 = Release|Any CPU
		{2C564BE1-352D-4DDB-8226-F0981F983C60}.Release|Mixed Platforms.ActiveCfg = Release|Any CPU
		{2C564BE1-352D-4DDB-8226-F0981F983C60}.Release|Mixed Platforms.Build.0 = Release|Any CPU
		{1A901129-C885-425F-8D4B-86698F98A2B4}.Debug|Any CPU.ActiveCfg = Debug|Any CPU
		{1A901129-C885-425F-8D4B-86698F98A2B4}.Debug|Any CPU.Build.0 = Debug|Any CPU
		{1A901129-C885-425F-8D4B-86698F98A2B4}.Debug|Mixed Platforms.ActiveCfg = Debug|Any CPU
		{1A901129-C885-425F-8D4B-86698F98A2B4}.Debug|Mixed Platforms.Build.0 = Debug|Any CPU
		{1A901129-C885-425F-8D4B-86698F98A2B4}.Release|Any CPU.ActiveCfg = Release|Any CPU
		{1A901129-C885-425F-8D4B-86698F98A2B4}.Release|Any CPU.Build.0 = Release|Any CPU
		{1A901129-C885-425F-8D4B-86698F98A2B4}.Release|Mixed Platforms.ActiveCfg = Release|Any CPU
		{1A901129-C885-425F-8D4B-86698F98A2B4}.Release|Mixed Platforms.Build.0 = Release|Any CPU
		{CBDEEC31-D688-417B-9BF2-F0DB2E4FB268}.Debug|Any CPU.ActiveCfg = Debug|Any CPU
		{CBDEEC31-D688-417B-9BF2-F0DB2E4FB268}.Debug|Any CPU.Build.0 = Debug|Any CPU
		{CBDEEC31-D688-417B-9BF2-F0DB2E4FB268}.Debug|Mixed Platforms.ActiveCfg = Debug|Any CPU
		{CBDEEC31-D688-417B-9BF2-F0DB2E4FB268}.Debug|Mixed Platforms.Build.0 = Debug|Any CPU
		{CBDEEC31-D688-417B-9BF2-F0DB2E4FB268}.Release|Any CPU.ActiveCfg = Release|Any CPU
		{CBDEEC31-D688-417B-9BF2-F0DB2E4FB268}.Release|Any CPU.Build.0 = Release|Any CPU
		{CBDEEC31-D688-417B-9BF2-F0DB2E4FB268}.Release|Mixed Platforms.ActiveCfg = Release|Any CPU
		{CBDEEC31-D688-417B-9BF2-F0DB2E4FB268}.Release|Mixed Platforms.Build.0 = Release|Any CPU
		{97D5ADE3-C1B4-4B46-8A3E-718A4F7F079F}.Debug|Any CPU.ActiveCfg = Debug|Any CPU
		{97D5ADE3-C1B4-4B46-8A3E-718A4F7F079F}.Debug|Any CPU.Build.0 = Debug|Any CPU
		{97D5ADE3-C1B4-4B46-8A3E-718A4F7F079F}.Debug|Mixed Platforms.ActiveCfg = Debug|Any CPU
		{97D5ADE3-C1B4-4B46-8A3E-718A4F7F079F}.Debug|Mixed Platforms.Build.0 = Debug|Any CPU
		{97D5ADE3-C1B4-4B46-8A3E-718A4F7F079F}.Release|Any CPU.ActiveCfg = Release|Any CPU
		{97D5ADE3-C1B4-4B46-8A3E-718A4F7F079F}.Release|Any CPU.Build.0 = Release|Any CPU
		{97D5ADE3-C1B4-4B46-8A3E-718A4F7F079F}.Release|Mixed Platforms.ActiveCfg = Release|Any CPU
		{97D5ADE3-C1B4-4B46-8A3E-718A4F7F079F}.Release|Mixed Platforms.Build.0 = Release|Any CPU
	EndGlobalSection
	GlobalSection(SolutionProperties) = preSolution
		HideSolutionNode = FALSE
	EndGlobalSection
	GlobalSection(NestedProjects) = preSolution
		{AE37DE1F-22F7-49EE-8732-FC6BC8DC58D9} = {2AB9B589-5C98-4C05-BBEA-F97DAE168EAB}
		{670BDDFF-927B-425D-9DD1-22ACB14356EB} = {2AB9B589-5C98-4C05-BBEA-F97DAE168EAB}
		{D3E41B4E-BFBB-44CA-94C8-95C00F754FDD} = {2AB9B589-5C98-4C05-BBEA-F97DAE168EAB}
		{545B6912-77FF-4B34-BA76-6C3D6A32BE6A} = {2AB9B589-5C98-4C05-BBEA-F97DAE168EAB}
		{74F6BB6C-9D02-4512-A59A-21940E35C532} = {2AB9B589-5C98-4C05-BBEA-F97DAE168EAB}
		{7E61A5BD-E78F-4B80-88C9-3821B4FA062E} = {2AB9B589-5C98-4C05-BBEA-F97DAE168EAB}
		{86F6AAF2-9B50-40B8-A427-1897D76471C5} = {2AB9B589-5C98-4C05-BBEA-F97DAE168EAB}
		{657DBC6D-C3EA-4398-A3FA-DDB73C14F71B} = {2AB9B589-5C98-4C05-BBEA-F97DAE168EAB}
		{C958F745-156E-4BDC-A24A-3721C7BE7B8A} = {2AB9B589-5C98-4C05-BBEA-F97DAE168EAB}
		{F1653F20-D47D-4F29-8C55-3C835542AF5F} = {FED00F38-E911-45E1-A788-26980E84C3D6}
		{1E01ABE0-B494-4FE4-B0D6-540133286887} = {2AB9B589-5C98-4C05-BBEA-F97DAE168EAB}
		{CA96058C-1A37-465D-A357-D6D695B13D25} = {2AB9B589-5C98-4C05-BBEA-F97DAE168EAB}
		{036BCCBA-52D8-457C-84AE-8821F209FE4A} = {2AB9B589-5C98-4C05-BBEA-F97DAE168EAB}
		{9B062971-A88E-4A3D-B3C9-12B78D15FA66} = {2AB9B589-5C98-4C05-BBEA-F97DAE168EAB}
		{DF6845CD-64C6-4263-8357-DA8066855739} = {2AB9B589-5C98-4C05-BBEA-F97DAE168EAB}
		{C46CA728-DD2F-4DD1-971A-AAA89D9DFF95} = {57647FCB-8F00-4C05-972C-3CF6ACD12A63}
		{3DF4CB3D-9A03-4256-9A81-70523AAD828B} = {FED00F38-E911-45E1-A788-26980E84C3D6}
		{990A9AD3-B6A4-407B-9DFC-9C722AF7C9B9} = {FED00F38-E911-45E1-A788-26980E84C3D6}
		{F49EC1DD-D645-4709-8667-B57318AF67B0} = {32E5B656-D6DF-415E-9E7E-D03F1D8C3A8A}
		{04667764-DC7B-4B95-AEF6-B4E6C87A54E9} = {2AB9B589-5C98-4C05-BBEA-F97DAE168EAB}
		{E1455E5C-127C-4282-8CC5-452C300E91D0} = {FBE6DF29-85A9-4A8B-B739-35BE4CA0A9B7}
		{195CBE56-E654-437B-AB05-3BE1B9452497} = {FBE6DF29-85A9-4A8B-B739-35BE4CA0A9B7}
		{8CD15B23-D30F-470E-99BA-9276FB7CABD4} = {FBE6DF29-85A9-4A8B-B739-35BE4CA0A9B7}
		{E9102310-0029-4D8F-B1E9-88FBA6147D45} = {2AB9B589-5C98-4C05-BBEA-F97DAE168EAB}
		{94838988-523C-4B11-AD82-8B9B76F23A31} = {2AB9B589-5C98-4C05-BBEA-F97DAE168EAB}
		{418E7058-92EE-4329-86BA-AC26B65AFB25} = {FBE6DF29-85A9-4A8B-B739-35BE4CA0A9B7}
		{7EE4636D-8A92-4015-9562-7FCD6ADD0645} = {2AB9B589-5C98-4C05-BBEA-F97DAE168EAB}
		{BB58CA42-991B-41B7-BDE7-DCD2911DF8B9} = {FED00F38-E911-45E1-A788-26980E84C3D6}
		{8CB3464F-6130-4EDB-8DC6-CCD2697FAFBB} = {57647FCB-8F00-4C05-972C-3CF6ACD12A63}
		{23EC3364-7C93-4169-9AB2-7181C66004C0} = {57647FCB-8F00-4C05-972C-3CF6ACD12A63}
		{2C564BE1-352D-4DDB-8226-F0981F983C60} = {57647FCB-8F00-4C05-972C-3CF6ACD12A63}
		{1A901129-C885-425F-8D4B-86698F98A2B4} = {2AB9B589-5C98-4C05-BBEA-F97DAE168EAB}
		{CBDEEC31-D688-417B-9BF2-F0DB2E4FB268} = {FED00F38-E911-45E1-A788-26980E84C3D6}
		{97D5ADE3-C1B4-4B46-8A3E-718A4F7F079F} = {FED00F38-E911-45E1-A788-26980E84C3D6}
	EndGlobalSection
	GlobalSection(ExtensibilityGlobals) = postSolution
		SolutionGuid = {42D74E06-00EA-43D2-A05B-9BEAD4A2C8A0}
	EndGlobalSection
	GlobalSection(MonoDevelopProperties) = preSolution
		StartupItem = MatterControl.csproj
	EndGlobalSection
EndGlobal
