
Microsoft Visual Studio Solution File, Format Version 12.00
# Visual Studio 2013
VisualStudioVersion = 12.0.31101.0
MinimumVisualStudioVersion = 10.0.40219.1
Project("{FAE04EC0-301F-11D3-BF4B-00C04F79EFBC}") = "MatterControl", "MatterControl.csproj", "{0B8D6F56-BD7F-4426-B858-D9292B084656}"
	ProjectSection(ProjectDependencies) = postProject
		{F67AE800-B0C7-42A8-836F-597B4E74591C} = {F67AE800-B0C7-42A8-836F-597B4E74591C}
		{545B6912-77FF-4B34-BA76-6C3D6A32BE6A} = {545B6912-77FF-4B34-BA76-6C3D6A32BE6A}
		{AE37DE1F-22F7-49EE-8732-FC6BC8DC58D9} = {AE37DE1F-22F7-49EE-8732-FC6BC8DC58D9}
		{F1653F20-D47D-4F29-8C55-3C835542AF5F} = {F1653F20-D47D-4F29-8C55-3C835542AF5F}
		{C46CA728-DD2F-4DD1-971A-AAA89D9DFF95} = {C46CA728-DD2F-4DD1-971A-AAA89D9DFF95}
		{D3ABF72C-64C2-4E51-A119-E077210FA990} = {D3ABF72C-64C2-4E51-A119-E077210FA990}
		{3DF4CB3D-9A03-4256-9A81-70523AAD828B} = {3DF4CB3D-9A03-4256-9A81-70523AAD828B}
		{C958F745-156E-4BDC-A24A-3721C7BE7B8A} = {C958F745-156E-4BDC-A24A-3721C7BE7B8A}
		{D3E41B4E-BFBB-44CA-94C8-95C00F754FDD} = {D3E41B4E-BFBB-44CA-94C8-95C00F754FDD}
		{A526DC5D-65F3-461B-805F-D3AC9665F5C9} = {A526DC5D-65F3-461B-805F-D3AC9665F5C9}
		{74F6BB6C-9D02-4512-A59A-21940E35C532} = {74F6BB6C-9D02-4512-A59A-21940E35C532}
		{657DBC6D-C3EA-4398-A3FA-DDB73C14F71B} = {657DBC6D-C3EA-4398-A3FA-DDB73C14F71B}
		{9B062971-A88E-4A3D-B3C9-12B78D15FA66} = {9B062971-A88E-4A3D-B3C9-12B78D15FA66}
		{A737BC76-165B-46C6-82B7-8871C7C92942} = {A737BC76-165B-46C6-82B7-8871C7C92942}
		{CA96058C-1A37-465D-A357-D6D695B13D25} = {CA96058C-1A37-465D-A357-D6D695B13D25}
		{865172A0-A1A9-49C2-9386-F2FDB4E141B7} = {865172A0-A1A9-49C2-9386-F2FDB4E141B7}
		{3E4AABA8-D85F-4922-88C6-5C1B2D2308FB} = {3E4AABA8-D85F-4922-88C6-5C1B2D2308FB}
		{036BCCBA-52D8-457C-84AE-8821F209FE4A} = {036BCCBA-52D8-457C-84AE-8821F209FE4A}
		{7E61A5BD-E78F-4B80-88C9-3821B4FA062E} = {7E61A5BD-E78F-4B80-88C9-3821B4FA062E}
		{DF6845CD-64C6-4263-8357-DA8066855739} = {DF6845CD-64C6-4263-8357-DA8066855739}
		{1E01ABE0-B494-4FE4-B0D6-540133286887} = {1E01ABE0-B494-4FE4-B0D6-540133286887}
		{86F6AAF2-9B50-40B8-A427-1897D76471C5} = {86F6AAF2-9B50-40B8-A427-1897D76471C5}
		{670BDDFF-927B-425D-9DD1-22ACB14356EB} = {670BDDFF-927B-425D-9DD1-22ACB14356EB}
	EndProjectSection
EndProject
Project("{FAE04EC0-301F-11D3-BF4B-00C04F79EFBC}") = "Tesselate", "..\agg-sharp\Tesselate\Tesselate.csproj", "{AE37DE1F-22F7-49EE-8732-FC6BC8DC58D9}"
EndProject
Project("{FAE04EC0-301F-11D3-BF4B-00C04F79EFBC}") = "PlatformWin32", "..\agg-sharp\PlatformWin32\PlatformWin32.csproj", "{670BDDFF-927B-425D-9DD1-22ACB14356EB}"
	ProjectSection(ProjectDependencies) = postProject
		{D3E41B4E-BFBB-44CA-94C8-95C00F754FDD} = {D3E41B4E-BFBB-44CA-94C8-95C00F754FDD}
		{74F6BB6C-9D02-4512-A59A-21940E35C532} = {74F6BB6C-9D02-4512-A59A-21940E35C532}
		{657DBC6D-C3EA-4398-A3FA-DDB73C14F71B} = {657DBC6D-C3EA-4398-A3FA-DDB73C14F71B}
	EndProjectSection
EndProject
Project("{FAE04EC0-301F-11D3-BF4B-00C04F79EFBC}") = "VectorMath", "..\agg-sharp\VectorMath\VectorMath.csproj", "{D3E41B4E-BFBB-44CA-94C8-95C00F754FDD}"
EndProject
Project("{FAE04EC0-301F-11D3-BF4B-00C04F79EFBC}") = "RenderOpenGl", "..\agg-sharp\RenderOpenGl\RenderOpenGl.csproj", "{545B6912-77FF-4B34-BA76-6C3D6A32BE6A}"
EndProject
Project("{FAE04EC0-301F-11D3-BF4B-00C04F79EFBC}") = "Gui", "..\agg-sharp\Gui\Gui.csproj", "{74F6BB6C-9D02-4512-A59A-21940E35C532}"
EndProject
Project("{FAE04EC0-301F-11D3-BF4B-00C04F79EFBC}") = "Csg", "..\agg-sharp\Csg\Csg.csproj", "{7E61A5BD-E78F-4B80-88C9-3821B4FA062E}"
EndProject
Project("{FAE04EC0-301F-11D3-BF4B-00C04F79EFBC}") = "PolygonMesh", "..\agg-sharp\PolygonMesh\PolygonMesh.csproj", "{86F6AAF2-9B50-40B8-A427-1897D76471C5}"
EndProject
Project("{FAE04EC0-301F-11D3-BF4B-00C04F79EFBC}") = "Agg", "..\agg-sharp\Agg\Agg.csproj", "{657DBC6D-C3EA-4398-A3FA-DDB73C14F71B}"
EndProject
Project("{FAE04EC0-301F-11D3-BF4B-00C04F79EFBC}") = "OpenGlGui", "..\agg-sharp\OpenGlGui\OpenGlGui.csproj", "{C958F745-156E-4BDC-A24A-3721C7BE7B8A}"
EndProject
Project("{FAE04EC0-301F-11D3-BF4B-00C04F79EFBC}") = "Community.CsharpSqlite", "Community.CsharpSqlite\Community.CsharpSqlite.csproj", "{F1653F20-D47D-4F29-8C55-3C835542AF5F}"
EndProject
Project("{FAE04EC0-301F-11D3-BF4B-00C04F79EFBC}") = "RayTracer", "..\agg-sharp\RayTracer\RayTracer.csproj", "{1E01ABE0-B494-4FE4-B0D6-540133286887}"
EndProject
Project("{FAE04EC0-301F-11D3-BF4B-00C04F79EFBC}") = "GCodeVisualizer", "..\agg-sharp\examples\GCodeVisualizer\GCodeVisualizer.csproj", "{F67AE800-B0C7-42A8-836F-597B4E74591C}"
EndProject
Project("{FAE04EC0-301F-11D3-BF4B-00C04F79EFBC}") = "SerialPortCommunication", "..\agg-sharp\SerialPortCommunication\SerialPortCommunication.csproj", "{D3ABF72C-64C2-4E51-A119-E077210FA990}"
EndProject
Project("{FAE04EC0-301F-11D3-BF4B-00C04F79EFBC}") = "MeshViewer", "..\agg-sharp\examples\MeshViewer\MeshViewer.csproj", "{A737BC76-165B-46C6-82B7-8871C7C92942}"
EndProject
Project("{FAE04EC0-301F-11D3-BF4B-00C04F79EFBC}") = "Localizations", "..\agg-sharp\Localizations\Localizations.csproj", "{CA96058C-1A37-465D-A357-D6D695B13D25}"
EndProject
Project("{FAE04EC0-301F-11D3-BF4B-00C04F79EFBC}") = "ImageProcessing", "..\agg-sharp\ImageProcessing\ImageProcessing.csproj", "{036BCCBA-52D8-457C-84AE-8821F209FE4A}"
EndProject
Project("{FAE04EC0-301F-11D3-BF4B-00C04F79EFBC}") = "clipper_library", "..\agg-sharp\clipper_library\clipper_library.csproj", "{9B062971-A88E-4A3D-B3C9-12B78D15FA66}"
EndProject
Project("{FAE04EC0-301F-11D3-BF4B-00C04F79EFBC}") = "MarchingSquares", "..\agg-sharp\MarchingSquares\MarchingSquares.csproj", "{DF6845CD-64C6-4263-8357-DA8066855739}"
EndProject
Project("{FAE04EC0-301F-11D3-BF4B-00C04F79EFBC}") = "PrintNotifications", "..\MatterControlPlugins\PrintNotifications\PrintNotifications.csproj", "{291CD87C-2C58-4369-9D85-238C7EB31542}"
EndProject
Project("{FAE04EC0-301F-11D3-BF4B-00C04F79EFBC}") = "MatterControlPluginSystem", "PluginSystem\MatterControlPluginSystem.csproj", "{865172A0-A1A9-49C2-9386-F2FDB4E141B7}"
EndProject
Project("{2150E333-8FDC-42A3-9474-1A3956D46DE8}") = "Plugins", "Plugins", "{DA2BE4E5-5FB2-4C74-9170-0D2513AAFC84}"
EndProject
Project("{FAE04EC0-301F-11D3-BF4B-00C04F79EFBC}") = "WindowsFileDialogs", "..\agg-sharp\WindowsFileDialogs\WindowsFileDialogs.csproj", "{A526DC5D-65F3-461B-805F-D3AC9665F5C9}"
EndProject
Project("{FAE04EC0-301F-11D3-BF4B-00C04F79EFBC}") = "TextCreator", "..\MatterControlPlugins\TextCreator\TextCreator.csproj", "{F49EC1DD-D645-4709-8667-B57318AF67B0}"
EndProject
Project("{FAE04EC0-301F-11D3-BF4B-00C04F79EFBC}") = "MatterSlice", "..\MatterSlice\MatterSlice.csproj", "{C46CA728-DD2F-4DD1-971A-AAA89D9DFF95}"
EndProject
Project("{FAE04EC0-301F-11D3-BF4B-00C04F79EFBC}") = "Launcher", "Launcher\Launcher.csproj", "{3DF4CB3D-9A03-4256-9A81-70523AAD828B}"
EndProject
Project("{FAE04EC0-301F-11D3-BF4B-00C04F79EFBC}") = "MatterControlAuth", "..\MatterControlAuth\MatterControlAuth\MatterControlAuth.csproj", "{239CC6B1-537C-4998-9AA9-3372A3464498}"
EndProject
Project("{FAE04EC0-301F-11D3-BF4B-00C04F79EFBC}") = "PictureCreator", "..\MatterControlPictureCreator\PictureCreator\PictureCreator.csproj", "{BEC6FD13-C765-4B90-836B-53823AC12E20}"
EndProject
Project("{FAE04EC0-301F-11D3-BF4B-00C04F79EFBC}") = "PlatformAbstract", "..\agg-sharp\PlatformAbstract\PlatformAbstract.csproj", "{3E4AABA8-D85F-4922-88C6-5C1B2D2308FB}"
EndProject
Project("{FAE04EC0-301F-11D3-BF4B-00C04F79EFBC}") = "CloudServices", "..\CloudServicesPlugin\CloudServices\CloudServices.csproj", "{6782BF37-8139-4DC6-885E-98D22D1FB258}"
EndProject
Project("{2150E333-8FDC-42A3-9474-1A3956D46DE8}") = "agg-sharp", "agg-sharp", "{2AB9B589-5C98-4C05-BBEA-F97DAE168EAB}"
EndProject
Project("{FAE04EC0-301F-11D3-BF4B-00C04F79EFBC}") = "InfInstaller", "PrinterDriverInstaller\InfInstaller.csproj", "{990A9AD3-B6A4-407B-9DFC-9C722AF7C9B9}"
EndProject
Global
	GlobalSection(SolutionConfigurationPlatforms) = preSolution
		Debug|Any CPU = Debug|Any CPU
		Debug|x64 = Debug|x64
		Debug|x86 = Debug|x86
		Debug64|Any CPU = Debug64|Any CPU
		Debug64|x64 = Debug64|x64
		Debug64|x86 = Debug64|x86
		Release|Any CPU = Release|Any CPU
		Release|x64 = Release|x64
		Release|x86 = Release|x86
		Release64|Any CPU = Release64|Any CPU
		Release64|x64 = Release64|x64
		Release64|x86 = Release64|x86
	EndGlobalSection
	GlobalSection(ProjectConfigurationPlatforms) = postSolution
		{0B8D6F56-BD7F-4426-B858-D9292B084656}.Debug|Any CPU.ActiveCfg = Debug|Any CPU
		{0B8D6F56-BD7F-4426-B858-D9292B084656}.Debug|Any CPU.Build.0 = Debug|Any CPU
		{0B8D6F56-BD7F-4426-B858-D9292B084656}.Debug|x64.ActiveCfg = Debug|Any CPU
		{0B8D6F56-BD7F-4426-B858-D9292B084656}.Debug|x86.ActiveCfg = Debug|Any CPU
		{0B8D6F56-BD7F-4426-B858-D9292B084656}.Debug64|Any CPU.ActiveCfg = Debug|Any CPU
		{0B8D6F56-BD7F-4426-B858-D9292B084656}.Debug64|Any CPU.Build.0 = Debug|Any CPU
		{0B8D6F56-BD7F-4426-B858-D9292B084656}.Debug64|x64.ActiveCfg = Debug|Any CPU
		{0B8D6F56-BD7F-4426-B858-D9292B084656}.Debug64|x86.ActiveCfg = Debug|Any CPU
		{0B8D6F56-BD7F-4426-B858-D9292B084656}.Release|Any CPU.ActiveCfg = Release|Any CPU
		{0B8D6F56-BD7F-4426-B858-D9292B084656}.Release|Any CPU.Build.0 = Release|Any CPU
		{0B8D6F56-BD7F-4426-B858-D9292B084656}.Release|x64.ActiveCfg = Release|Any CPU
		{0B8D6F56-BD7F-4426-B858-D9292B084656}.Release|x86.ActiveCfg = Release|Any CPU
		{0B8D6F56-BD7F-4426-B858-D9292B084656}.Release64|Any CPU.ActiveCfg = Release64|Any CPU
		{0B8D6F56-BD7F-4426-B858-D9292B084656}.Release64|Any CPU.Build.0 = Release64|Any CPU
		{0B8D6F56-BD7F-4426-B858-D9292B084656}.Release64|x64.ActiveCfg = Release64|Any CPU
		{0B8D6F56-BD7F-4426-B858-D9292B084656}.Release64|x64.Build.0 = Release64|Any CPU
		{0B8D6F56-BD7F-4426-B858-D9292B084656}.Release64|x86.ActiveCfg = Release64|Any CPU
		{AE37DE1F-22F7-49EE-8732-FC6BC8DC58D9}.Debug|Any CPU.ActiveCfg = Debug|Any CPU
		{AE37DE1F-22F7-49EE-8732-FC6BC8DC58D9}.Debug|Any CPU.Build.0 = Debug|Any CPU
		{AE37DE1F-22F7-49EE-8732-FC6BC8DC58D9}.Debug|x64.ActiveCfg = Debug|Any CPU
		{AE37DE1F-22F7-49EE-8732-FC6BC8DC58D9}.Debug|x86.ActiveCfg = Debug|Any CPU
		{AE37DE1F-22F7-49EE-8732-FC6BC8DC58D9}.Debug64|Any CPU.ActiveCfg = Debug64|x64
		{AE37DE1F-22F7-49EE-8732-FC6BC8DC58D9}.Debug64|Any CPU.Build.0 = Debug64|x64
		{AE37DE1F-22F7-49EE-8732-FC6BC8DC58D9}.Debug64|x64.ActiveCfg = Debug64|Any CPU
		{AE37DE1F-22F7-49EE-8732-FC6BC8DC58D9}.Debug64|x86.ActiveCfg = Debug64|Any CPU
		{AE37DE1F-22F7-49EE-8732-FC6BC8DC58D9}.Release|Any CPU.ActiveCfg = Release|Any CPU
		{AE37DE1F-22F7-49EE-8732-FC6BC8DC58D9}.Release|Any CPU.Build.0 = Release|Any CPU
		{AE37DE1F-22F7-49EE-8732-FC6BC8DC58D9}.Release|x64.ActiveCfg = Release|Any CPU
		{AE37DE1F-22F7-49EE-8732-FC6BC8DC58D9}.Release|x86.ActiveCfg = Release|Any CPU
		{AE37DE1F-22F7-49EE-8732-FC6BC8DC58D9}.Release64|Any CPU.ActiveCfg = Release64|Any CPU
		{AE37DE1F-22F7-49EE-8732-FC6BC8DC58D9}.Release64|Any CPU.Build.0 = Release64|Any CPU
		{AE37DE1F-22F7-49EE-8732-FC6BC8DC58D9}.Release64|x64.ActiveCfg = Release64|Any CPU
		{AE37DE1F-22F7-49EE-8732-FC6BC8DC58D9}.Release64|x64.Build.0 = Release64|Any CPU
		{AE37DE1F-22F7-49EE-8732-FC6BC8DC58D9}.Release64|x86.ActiveCfg = Release64|Any CPU
		{670BDDFF-927B-425D-9DD1-22ACB14356EB}.Debug|Any CPU.ActiveCfg = Debug|Any CPU
		{670BDDFF-927B-425D-9DD1-22ACB14356EB}.Debug|Any CPU.Build.0 = Debug|Any CPU
		{670BDDFF-927B-425D-9DD1-22ACB14356EB}.Debug|x64.ActiveCfg = Debug|Any CPU
		{670BDDFF-927B-425D-9DD1-22ACB14356EB}.Debug|x86.ActiveCfg = Debug|Any CPU
		{670BDDFF-927B-425D-9DD1-22ACB14356EB}.Debug64|Any CPU.ActiveCfg = Debug64|x64
		{670BDDFF-927B-425D-9DD1-22ACB14356EB}.Debug64|Any CPU.Build.0 = Debug64|x64
		{670BDDFF-927B-425D-9DD1-22ACB14356EB}.Debug64|x64.ActiveCfg = Debug64|Any CPU
		{670BDDFF-927B-425D-9DD1-22ACB14356EB}.Debug64|x86.ActiveCfg = Debug64|Any CPU
		{670BDDFF-927B-425D-9DD1-22ACB14356EB}.Release|Any CPU.ActiveCfg = Release|Any CPU
		{670BDDFF-927B-425D-9DD1-22ACB14356EB}.Release|Any CPU.Build.0 = Release|Any CPU
		{670BDDFF-927B-425D-9DD1-22ACB14356EB}.Release|x64.ActiveCfg = Release|Any CPU
		{670BDDFF-927B-425D-9DD1-22ACB14356EB}.Release|x86.ActiveCfg = Release|Any CPU
		{670BDDFF-927B-425D-9DD1-22ACB14356EB}.Release64|Any CPU.ActiveCfg = Release64|Any CPU
		{670BDDFF-927B-425D-9DD1-22ACB14356EB}.Release64|Any CPU.Build.0 = Release64|Any CPU
		{670BDDFF-927B-425D-9DD1-22ACB14356EB}.Release64|x64.ActiveCfg = Release64|Any CPU
		{670BDDFF-927B-425D-9DD1-22ACB14356EB}.Release64|x64.Build.0 = Release64|Any CPU
		{670BDDFF-927B-425D-9DD1-22ACB14356EB}.Release64|x86.ActiveCfg = Release64|Any CPU
		{D3E41B4E-BFBB-44CA-94C8-95C00F754FDD}.Debug|Any CPU.ActiveCfg = Debug|Any CPU
		{D3E41B4E-BFBB-44CA-94C8-95C00F754FDD}.Debug|Any CPU.Build.0 = Debug|Any CPU
		{D3E41B4E-BFBB-44CA-94C8-95C00F754FDD}.Debug|x64.ActiveCfg = Debug|Any CPU
		{D3E41B4E-BFBB-44CA-94C8-95C00F754FDD}.Debug|x86.ActiveCfg = Debug|Any CPU
		{D3E41B4E-BFBB-44CA-94C8-95C00F754FDD}.Debug64|Any CPU.ActiveCfg = Debug64|x64
		{D3E41B4E-BFBB-44CA-94C8-95C00F754FDD}.Debug64|Any CPU.Build.0 = Debug64|x64
		{D3E41B4E-BFBB-44CA-94C8-95C00F754FDD}.Debug64|x64.ActiveCfg = Debug64|x64
		{D3E41B4E-BFBB-44CA-94C8-95C00F754FDD}.Debug64|x64.Build.0 = Debug64|x64
		{D3E41B4E-BFBB-44CA-94C8-95C00F754FDD}.Debug64|x86.ActiveCfg = Debug64|x64
		{D3E41B4E-BFBB-44CA-94C8-95C00F754FDD}.Release|Any CPU.ActiveCfg = Release|Any CPU
		{D3E41B4E-BFBB-44CA-94C8-95C00F754FDD}.Release|Any CPU.Build.0 = Release|Any CPU
		{D3E41B4E-BFBB-44CA-94C8-95C00F754FDD}.Release|x64.ActiveCfg = Release|Any CPU
		{D3E41B4E-BFBB-44CA-94C8-95C00F754FDD}.Release|x86.ActiveCfg = Release|Any CPU
		{D3E41B4E-BFBB-44CA-94C8-95C00F754FDD}.Release64|Any CPU.ActiveCfg = Release64|Any CPU
		{D3E41B4E-BFBB-44CA-94C8-95C00F754FDD}.Release64|Any CPU.Build.0 = Release64|Any CPU
		{D3E41B4E-BFBB-44CA-94C8-95C00F754FDD}.Release64|x64.ActiveCfg = Release64|Any CPU
		{D3E41B4E-BFBB-44CA-94C8-95C00F754FDD}.Release64|x64.Build.0 = Release64|Any CPU
		{D3E41B4E-BFBB-44CA-94C8-95C00F754FDD}.Release64|x86.ActiveCfg = Release64|Any CPU
		{545B6912-77FF-4B34-BA76-6C3D6A32BE6A}.Debug|Any CPU.ActiveCfg = Debug|Any CPU
		{545B6912-77FF-4B34-BA76-6C3D6A32BE6A}.Debug|Any CPU.Build.0 = Debug|Any CPU
		{545B6912-77FF-4B34-BA76-6C3D6A32BE6A}.Debug|x64.ActiveCfg = Debug|Any CPU
		{545B6912-77FF-4B34-BA76-6C3D6A32BE6A}.Debug|x86.ActiveCfg = Debug|Any CPU
		{545B6912-77FF-4B34-BA76-6C3D6A32BE6A}.Debug64|Any CPU.ActiveCfg = Debug64|x64
		{545B6912-77FF-4B34-BA76-6C3D6A32BE6A}.Debug64|Any CPU.Build.0 = Debug64|x64
		{545B6912-77FF-4B34-BA76-6C3D6A32BE6A}.Debug64|x64.ActiveCfg = Debug64|Any CPU
		{545B6912-77FF-4B34-BA76-6C3D6A32BE6A}.Debug64|x86.ActiveCfg = Debug64|Any CPU
		{545B6912-77FF-4B34-BA76-6C3D6A32BE6A}.Release|Any CPU.ActiveCfg = Release|Any CPU
		{545B6912-77FF-4B34-BA76-6C3D6A32BE6A}.Release|Any CPU.Build.0 = Release|Any CPU
		{545B6912-77FF-4B34-BA76-6C3D6A32BE6A}.Release|x64.ActiveCfg = Release|Any CPU
		{545B6912-77FF-4B34-BA76-6C3D6A32BE6A}.Release|x86.ActiveCfg = Release|Any CPU
		{545B6912-77FF-4B34-BA76-6C3D6A32BE6A}.Release64|Any CPU.ActiveCfg = Release64|Any CPU
		{545B6912-77FF-4B34-BA76-6C3D6A32BE6A}.Release64|Any CPU.Build.0 = Release64|Any CPU
		{545B6912-77FF-4B34-BA76-6C3D6A32BE6A}.Release64|x64.ActiveCfg = Release64|Any CPU
		{545B6912-77FF-4B34-BA76-6C3D6A32BE6A}.Release64|x64.Build.0 = Release64|Any CPU
		{545B6912-77FF-4B34-BA76-6C3D6A32BE6A}.Release64|x86.ActiveCfg = Release64|Any CPU
		{74F6BB6C-9D02-4512-A59A-21940E35C532}.Debug|Any CPU.ActiveCfg = Debug|Any CPU
		{74F6BB6C-9D02-4512-A59A-21940E35C532}.Debug|Any CPU.Build.0 = Debug|Any CPU
		{74F6BB6C-9D02-4512-A59A-21940E35C532}.Debug|x64.ActiveCfg = Debug|Any CPU
		{74F6BB6C-9D02-4512-A59A-21940E35C532}.Debug|x64.Build.0 = Debug|Any CPU
		{74F6BB6C-9D02-4512-A59A-21940E35C532}.Debug|x86.ActiveCfg = Debug|Any CPU
		{74F6BB6C-9D02-4512-A59A-21940E35C532}.Debug64|Any CPU.ActiveCfg = Debug64|x64
		{74F6BB6C-9D02-4512-A59A-21940E35C532}.Debug64|Any CPU.Build.0 = Debug64|x64
		{74F6BB6C-9D02-4512-A59A-21940E35C532}.Debug64|x64.ActiveCfg = Debug64|x64
		{74F6BB6C-9D02-4512-A59A-21940E35C532}.Debug64|x64.Build.0 = Debug64|x64
		{74F6BB6C-9D02-4512-A59A-21940E35C532}.Debug64|x86.ActiveCfg = Debug64|x64
		{74F6BB6C-9D02-4512-A59A-21940E35C532}.Release|Any CPU.ActiveCfg = Release|Any CPU
		{74F6BB6C-9D02-4512-A59A-21940E35C532}.Release|Any CPU.Build.0 = Release|Any CPU
		{74F6BB6C-9D02-4512-A59A-21940E35C532}.Release|x64.ActiveCfg = Release|Any CPU
		{74F6BB6C-9D02-4512-A59A-21940E35C532}.Release|x86.ActiveCfg = Release|Any CPU
		{74F6BB6C-9D02-4512-A59A-21940E35C532}.Release64|Any CPU.ActiveCfg = Release64|Any CPU
		{74F6BB6C-9D02-4512-A59A-21940E35C532}.Release64|Any CPU.Build.0 = Release64|Any CPU
		{74F6BB6C-9D02-4512-A59A-21940E35C532}.Release64|x64.ActiveCfg = Release64|Any CPU
		{74F6BB6C-9D02-4512-A59A-21940E35C532}.Release64|x64.Build.0 = Release64|Any CPU
		{74F6BB6C-9D02-4512-A59A-21940E35C532}.Release64|x86.ActiveCfg = Release64|Any CPU
		{7E61A5BD-E78F-4B80-88C9-3821B4FA062E}.Debug|Any CPU.ActiveCfg = Debug|Any CPU
		{7E61A5BD-E78F-4B80-88C9-3821B4FA062E}.Debug|Any CPU.Build.0 = Debug|Any CPU
		{7E61A5BD-E78F-4B80-88C9-3821B4FA062E}.Debug|x64.ActiveCfg = Debug|Any CPU
		{7E61A5BD-E78F-4B80-88C9-3821B4FA062E}.Debug|x64.Build.0 = Debug|Any CPU
		{7E61A5BD-E78F-4B80-88C9-3821B4FA062E}.Debug|x86.ActiveCfg = Debug|Any CPU
		{7E61A5BD-E78F-4B80-88C9-3821B4FA062E}.Debug64|Any CPU.ActiveCfg = Debug64|x64
		{7E61A5BD-E78F-4B80-88C9-3821B4FA062E}.Debug64|Any CPU.Build.0 = Debug64|x64
		{7E61A5BD-E78F-4B80-88C9-3821B4FA062E}.Debug64|x64.ActiveCfg = Debug64|x64
		{7E61A5BD-E78F-4B80-88C9-3821B4FA062E}.Debug64|x64.Build.0 = Debug64|x64
		{7E61A5BD-E78F-4B80-88C9-3821B4FA062E}.Debug64|x86.ActiveCfg = Debug64|x64
		{7E61A5BD-E78F-4B80-88C9-3821B4FA062E}.Release|Any CPU.ActiveCfg = Release|Any CPU
		{7E61A5BD-E78F-4B80-88C9-3821B4FA062E}.Release|Any CPU.Build.0 = Release|Any CPU
		{7E61A5BD-E78F-4B80-88C9-3821B4FA062E}.Release|x64.ActiveCfg = Release|Any CPU
		{7E61A5BD-E78F-4B80-88C9-3821B4FA062E}.Release|x86.ActiveCfg = Release|Any CPU
		{7E61A5BD-E78F-4B80-88C9-3821B4FA062E}.Release64|Any CPU.ActiveCfg = Release64|Any CPU
		{7E61A5BD-E78F-4B80-88C9-3821B4FA062E}.Release64|Any CPU.Build.0 = Release64|Any CPU
		{7E61A5BD-E78F-4B80-88C9-3821B4FA062E}.Release64|x64.ActiveCfg = Release64|Any CPU
		{7E61A5BD-E78F-4B80-88C9-3821B4FA062E}.Release64|x64.Build.0 = Release64|Any CPU
		{7E61A5BD-E78F-4B80-88C9-3821B4FA062E}.Release64|x86.ActiveCfg = Release64|Any CPU
		{86F6AAF2-9B50-40B8-A427-1897D76471C5}.Debug|Any CPU.ActiveCfg = Debug|Any CPU
		{86F6AAF2-9B50-40B8-A427-1897D76471C5}.Debug|Any CPU.Build.0 = Debug|Any CPU
		{86F6AAF2-9B50-40B8-A427-1897D76471C5}.Debug|x64.ActiveCfg = Debug|Any CPU
		{86F6AAF2-9B50-40B8-A427-1897D76471C5}.Debug|x86.ActiveCfg = Debug|Any CPU
		{86F6AAF2-9B50-40B8-A427-1897D76471C5}.Debug64|Any CPU.ActiveCfg = Debug64|x64
		{86F6AAF2-9B50-40B8-A427-1897D76471C5}.Debug64|Any CPU.Build.0 = Debug64|x64
		{86F6AAF2-9B50-40B8-A427-1897D76471C5}.Debug64|x64.ActiveCfg = Debug64|Any CPU
		{86F6AAF2-9B50-40B8-A427-1897D76471C5}.Debug64|x86.ActiveCfg = Debug64|Any CPU
		{86F6AAF2-9B50-40B8-A427-1897D76471C5}.Release|Any CPU.ActiveCfg = Release|Any CPU
		{86F6AAF2-9B50-40B8-A427-1897D76471C5}.Release|Any CPU.Build.0 = Release|Any CPU
		{86F6AAF2-9B50-40B8-A427-1897D76471C5}.Release|x64.ActiveCfg = Release|Any CPU
		{86F6AAF2-9B50-40B8-A427-1897D76471C5}.Release|x86.ActiveCfg = Release|Any CPU
		{86F6AAF2-9B50-40B8-A427-1897D76471C5}.Release64|Any CPU.ActiveCfg = Release64|Any CPU
		{86F6AAF2-9B50-40B8-A427-1897D76471C5}.Release64|Any CPU.Build.0 = Release64|Any CPU
		{86F6AAF2-9B50-40B8-A427-1897D76471C5}.Release64|x64.ActiveCfg = Release64|Any CPU
		{86F6AAF2-9B50-40B8-A427-1897D76471C5}.Release64|x64.Build.0 = Release64|Any CPU
		{86F6AAF2-9B50-40B8-A427-1897D76471C5}.Release64|x86.ActiveCfg = Release64|Any CPU
		{657DBC6D-C3EA-4398-A3FA-DDB73C14F71B}.Debug|Any CPU.ActiveCfg = Debug|Any CPU
		{657DBC6D-C3EA-4398-A3FA-DDB73C14F71B}.Debug|Any CPU.Build.0 = Debug|Any CPU
		{657DBC6D-C3EA-4398-A3FA-DDB73C14F71B}.Debug|x64.ActiveCfg = Debug|x64
		{657DBC6D-C3EA-4398-A3FA-DDB73C14F71B}.Debug|x64.Build.0 = Debug|x64
		{657DBC6D-C3EA-4398-A3FA-DDB73C14F71B}.Debug|x86.ActiveCfg = Debug|Any CPU
		{657DBC6D-C3EA-4398-A3FA-DDB73C14F71B}.Debug64|Any CPU.ActiveCfg = Debug64|x64
		{657DBC6D-C3EA-4398-A3FA-DDB73C14F71B}.Debug64|Any CPU.Build.0 = Debug64|x64
		{657DBC6D-C3EA-4398-A3FA-DDB73C14F71B}.Debug64|x64.ActiveCfg = Debug64|x64
		{657DBC6D-C3EA-4398-A3FA-DDB73C14F71B}.Debug64|x64.Build.0 = Debug64|x64
		{657DBC6D-C3EA-4398-A3FA-DDB73C14F71B}.Debug64|x86.ActiveCfg = Debug64|x64
		{657DBC6D-C3EA-4398-A3FA-DDB73C14F71B}.Release|Any CPU.ActiveCfg = Release|Any CPU
		{657DBC6D-C3EA-4398-A3FA-DDB73C14F71B}.Release|Any CPU.Build.0 = Release|Any CPU
		{657DBC6D-C3EA-4398-A3FA-DDB73C14F71B}.Release|x64.ActiveCfg = Release|x64
		{657DBC6D-C3EA-4398-A3FA-DDB73C14F71B}.Release|x64.Build.0 = Release|x64
		{657DBC6D-C3EA-4398-A3FA-DDB73C14F71B}.Release|x86.ActiveCfg = Release|Any CPU
		{657DBC6D-C3EA-4398-A3FA-DDB73C14F71B}.Release64|Any CPU.ActiveCfg = Release64|Any CPU
		{657DBC6D-C3EA-4398-A3FA-DDB73C14F71B}.Release64|Any CPU.Build.0 = Release64|Any CPU
		{657DBC6D-C3EA-4398-A3FA-DDB73C14F71B}.Release64|x64.ActiveCfg = Release64|x64
		{657DBC6D-C3EA-4398-A3FA-DDB73C14F71B}.Release64|x86.ActiveCfg = Release64|x64
		{C958F745-156E-4BDC-A24A-3721C7BE7B8A}.Debug|Any CPU.ActiveCfg = Debug|Any CPU
		{C958F745-156E-4BDC-A24A-3721C7BE7B8A}.Debug|Any CPU.Build.0 = Debug|Any CPU
		{C958F745-156E-4BDC-A24A-3721C7BE7B8A}.Debug|x64.ActiveCfg = Debug|Any CPU
		{C958F745-156E-4BDC-A24A-3721C7BE7B8A}.Debug|x86.ActiveCfg = Debug|Any CPU
		{C958F745-156E-4BDC-A24A-3721C7BE7B8A}.Debug64|Any CPU.ActiveCfg = Debug64|x64
		{C958F745-156E-4BDC-A24A-3721C7BE7B8A}.Debug64|Any CPU.Build.0 = Debug64|x64
		{C958F745-156E-4BDC-A24A-3721C7BE7B8A}.Debug64|x64.ActiveCfg = Debug64|Any CPU
		{C958F745-156E-4BDC-A24A-3721C7BE7B8A}.Debug64|x86.ActiveCfg = Debug64|Any CPU
		{C958F745-156E-4BDC-A24A-3721C7BE7B8A}.Release|Any CPU.ActiveCfg = Release|Any CPU
		{C958F745-156E-4BDC-A24A-3721C7BE7B8A}.Release|Any CPU.Build.0 = Release|Any CPU
		{C958F745-156E-4BDC-A24A-3721C7BE7B8A}.Release|x64.ActiveCfg = Release|Any CPU
		{C958F745-156E-4BDC-A24A-3721C7BE7B8A}.Release|x86.ActiveCfg = Release|Any CPU
		{C958F745-156E-4BDC-A24A-3721C7BE7B8A}.Release64|Any CPU.ActiveCfg = Release64|Any CPU
		{C958F745-156E-4BDC-A24A-3721C7BE7B8A}.Release64|Any CPU.Build.0 = Release64|Any CPU
		{C958F745-156E-4BDC-A24A-3721C7BE7B8A}.Release64|x64.ActiveCfg = Release64|Any CPU
		{C958F745-156E-4BDC-A24A-3721C7BE7B8A}.Release64|x64.Build.0 = Release64|Any CPU
		{C958F745-156E-4BDC-A24A-3721C7BE7B8A}.Release64|x86.ActiveCfg = Release64|Any CPU
		{F1653F20-D47D-4F29-8C55-3C835542AF5F}.Debug|Any CPU.ActiveCfg = Debug|Any CPU
		{F1653F20-D47D-4F29-8C55-3C835542AF5F}.Debug|Any CPU.Build.0 = Debug|Any CPU
		{F1653F20-D47D-4F29-8C55-3C835542AF5F}.Debug|x64.ActiveCfg = Debug|x86
		{F1653F20-D47D-4F29-8C55-3C835542AF5F}.Debug|x64.Build.0 = Debug|x86
		{F1653F20-D47D-4F29-8C55-3C835542AF5F}.Debug|x86.ActiveCfg = Debug|x86
		{F1653F20-D47D-4F29-8C55-3C835542AF5F}.Debug|x86.Build.0 = Debug|x86
		{F1653F20-D47D-4F29-8C55-3C835542AF5F}.Debug64|Any CPU.ActiveCfg = Debug64|x64
		{F1653F20-D47D-4F29-8C55-3C835542AF5F}.Debug64|Any CPU.Build.0 = Debug64|x64
		{F1653F20-D47D-4F29-8C55-3C835542AF5F}.Debug64|x64.ActiveCfg = Debug64|x64
		{F1653F20-D47D-4F29-8C55-3C835542AF5F}.Debug64|x64.Build.0 = Debug64|x64
		{F1653F20-D47D-4F29-8C55-3C835542AF5F}.Debug64|x86.ActiveCfg = Debug64|x86
		{F1653F20-D47D-4F29-8C55-3C835542AF5F}.Debug64|x86.Build.0 = Debug64|x86
		{F1653F20-D47D-4F29-8C55-3C835542AF5F}.Release|Any CPU.ActiveCfg = Release|Any CPU
		{F1653F20-D47D-4F29-8C55-3C835542AF5F}.Release|Any CPU.Build.0 = Release|Any CPU
		{F1653F20-D47D-4F29-8C55-3C835542AF5F}.Release|x64.ActiveCfg = Release|x86
		{F1653F20-D47D-4F29-8C55-3C835542AF5F}.Release|x86.ActiveCfg = Release|x86
		{F1653F20-D47D-4F29-8C55-3C835542AF5F}.Release|x86.Build.0 = Release|x86
		{F1653F20-D47D-4F29-8C55-3C835542AF5F}.Release64|Any CPU.ActiveCfg = Release64|Any CPU
		{F1653F20-D47D-4F29-8C55-3C835542AF5F}.Release64|Any CPU.Build.0 = Release64|Any CPU
		{F1653F20-D47D-4F29-8C55-3C835542AF5F}.Release64|x64.ActiveCfg = Release64|x86
		{F1653F20-D47D-4F29-8C55-3C835542AF5F}.Release64|x64.Build.0 = Release64|x86
		{F1653F20-D47D-4F29-8C55-3C835542AF5F}.Release64|x86.ActiveCfg = Release64|x86
		{F1653F20-D47D-4F29-8C55-3C835542AF5F}.Release64|x86.Build.0 = Release64|x86
		{1E01ABE0-B494-4FE4-B0D6-540133286887}.Debug|Any CPU.ActiveCfg = Debug|Any CPU
		{1E01ABE0-B494-4FE4-B0D6-540133286887}.Debug|Any CPU.Build.0 = Debug|Any CPU
		{1E01ABE0-B494-4FE4-B0D6-540133286887}.Debug|x64.ActiveCfg = Debug|Any CPU
		{1E01ABE0-B494-4FE4-B0D6-540133286887}.Debug|x86.ActiveCfg = Debug|Any CPU
		{1E01ABE0-B494-4FE4-B0D6-540133286887}.Debug64|Any CPU.ActiveCfg = Debug64|x64
		{1E01ABE0-B494-4FE4-B0D6-540133286887}.Debug64|Any CPU.Build.0 = Debug64|x64
		{1E01ABE0-B494-4FE4-B0D6-540133286887}.Debug64|x64.ActiveCfg = Debug64|Any CPU
		{1E01ABE0-B494-4FE4-B0D6-540133286887}.Debug64|x86.ActiveCfg = Debug64|Any CPU
		{1E01ABE0-B494-4FE4-B0D6-540133286887}.Release|Any CPU.ActiveCfg = Release|Any CPU
		{1E01ABE0-B494-4FE4-B0D6-540133286887}.Release|Any CPU.Build.0 = Release|Any CPU
		{1E01ABE0-B494-4FE4-B0D6-540133286887}.Release|x64.ActiveCfg = Release|Any CPU
		{1E01ABE0-B494-4FE4-B0D6-540133286887}.Release|x86.ActiveCfg = Release|Any CPU
		{1E01ABE0-B494-4FE4-B0D6-540133286887}.Release64|Any CPU.ActiveCfg = Release64|Any CPU
		{1E01ABE0-B494-4FE4-B0D6-540133286887}.Release64|Any CPU.Build.0 = Release64|Any CPU
		{1E01ABE0-B494-4FE4-B0D6-540133286887}.Release64|x64.ActiveCfg = Release64|Any CPU
		{1E01ABE0-B494-4FE4-B0D6-540133286887}.Release64|x64.Build.0 = Release64|Any CPU
		{1E01ABE0-B494-4FE4-B0D6-540133286887}.Release64|x86.ActiveCfg = Release64|Any CPU
		{F67AE800-B0C7-42A8-836F-597B4E74591C}.Debug|Any CPU.ActiveCfg = Debug|Any CPU
		{F67AE800-B0C7-42A8-836F-597B4E74591C}.Debug|Any CPU.Build.0 = Debug|Any CPU
		{F67AE800-B0C7-42A8-836F-597B4E74591C}.Debug|x64.ActiveCfg = Debug|Any CPU
		{F67AE800-B0C7-42A8-836F-597B4E74591C}.Debug|x64.Build.0 = Debug|Any CPU
		{F67AE800-B0C7-42A8-836F-597B4E74591C}.Debug|x86.ActiveCfg = Debug|Any CPU
		{F67AE800-B0C7-42A8-836F-597B4E74591C}.Debug64|Any CPU.ActiveCfg = Debug64|x64
		{F67AE800-B0C7-42A8-836F-597B4E74591C}.Debug64|Any CPU.Build.0 = Debug64|x64
		{F67AE800-B0C7-42A8-836F-597B4E74591C}.Debug64|x64.ActiveCfg = Debug64|x64
		{F67AE800-B0C7-42A8-836F-597B4E74591C}.Debug64|x64.Build.0 = Debug64|x64
		{F67AE800-B0C7-42A8-836F-597B4E74591C}.Debug64|x86.ActiveCfg = Debug64|x64
		{F67AE800-B0C7-42A8-836F-597B4E74591C}.Release|Any CPU.ActiveCfg = Release|Any CPU
		{F67AE800-B0C7-42A8-836F-597B4E74591C}.Release|Any CPU.Build.0 = Release|Any CPU
		{F67AE800-B0C7-42A8-836F-597B4E74591C}.Release|x64.ActiveCfg = Release|Any CPU
		{F67AE800-B0C7-42A8-836F-597B4E74591C}.Release|x86.ActiveCfg = Release|Any CPU
		{F67AE800-B0C7-42A8-836F-597B4E74591C}.Release64|Any CPU.ActiveCfg = Release64|Any CPU
		{F67AE800-B0C7-42A8-836F-597B4E74591C}.Release64|Any CPU.Build.0 = Release64|Any CPU
		{F67AE800-B0C7-42A8-836F-597B4E74591C}.Release64|x64.ActiveCfg = Release64|Any CPU
		{F67AE800-B0C7-42A8-836F-597B4E74591C}.Release64|x64.Build.0 = Release64|Any CPU
		{F67AE800-B0C7-42A8-836F-597B4E74591C}.Release64|x86.ActiveCfg = Release64|Any CPU
		{D3ABF72C-64C2-4E51-A119-E077210FA990}.Debug|Any CPU.ActiveCfg = Debug|Any CPU
		{D3ABF72C-64C2-4E51-A119-E077210FA990}.Debug|Any CPU.Build.0 = Debug|Any CPU
		{D3ABF72C-64C2-4E51-A119-E077210FA990}.Debug|x64.ActiveCfg = Debug|Any CPU
		{D3ABF72C-64C2-4E51-A119-E077210FA990}.Debug|x86.ActiveCfg = Debug|Any CPU
		{D3ABF72C-64C2-4E51-A119-E077210FA990}.Debug64|Any CPU.ActiveCfg = Debug64|x64
		{D3ABF72C-64C2-4E51-A119-E077210FA990}.Debug64|Any CPU.Build.0 = Debug64|x64
		{D3ABF72C-64C2-4E51-A119-E077210FA990}.Debug64|x64.ActiveCfg = Debug64|Any CPU
		{D3ABF72C-64C2-4E51-A119-E077210FA990}.Debug64|x86.ActiveCfg = Debug64|Any CPU
		{D3ABF72C-64C2-4E51-A119-E077210FA990}.Release|Any CPU.ActiveCfg = Release|Any CPU
		{D3ABF72C-64C2-4E51-A119-E077210FA990}.Release|Any CPU.Build.0 = Release|Any CPU
		{D3ABF72C-64C2-4E51-A119-E077210FA990}.Release|x64.ActiveCfg = Release|Any CPU
		{D3ABF72C-64C2-4E51-A119-E077210FA990}.Release|x86.ActiveCfg = Release|Any CPU
		{D3ABF72C-64C2-4E51-A119-E077210FA990}.Release64|Any CPU.ActiveCfg = Release64|Any CPU
		{D3ABF72C-64C2-4E51-A119-E077210FA990}.Release64|Any CPU.Build.0 = Release64|Any CPU
		{D3ABF72C-64C2-4E51-A119-E077210FA990}.Release64|x64.ActiveCfg = Release64|Any CPU
		{D3ABF72C-64C2-4E51-A119-E077210FA990}.Release64|x64.Build.0 = Release64|Any CPU
		{D3ABF72C-64C2-4E51-A119-E077210FA990}.Release64|x86.ActiveCfg = Release64|Any CPU
		{A737BC76-165B-46C6-82B7-8871C7C92942}.Debug|Any CPU.ActiveCfg = Debug|Any CPU
		{A737BC76-165B-46C6-82B7-8871C7C92942}.Debug|Any CPU.Build.0 = Debug|Any CPU
		{A737BC76-165B-46C6-82B7-8871C7C92942}.Debug|x64.ActiveCfg = Debug|Any CPU
		{A737BC76-165B-46C6-82B7-8871C7C92942}.Debug|x64.Build.0 = Debug|Any CPU
		{A737BC76-165B-46C6-82B7-8871C7C92942}.Debug|x86.ActiveCfg = Debug|Any CPU
		{A737BC76-165B-46C6-82B7-8871C7C92942}.Debug64|Any CPU.ActiveCfg = Debug64|x64
		{A737BC76-165B-46C6-82B7-8871C7C92942}.Debug64|Any CPU.Build.0 = Debug64|x64
		{A737BC76-165B-46C6-82B7-8871C7C92942}.Debug64|x64.ActiveCfg = Debug64|Any CPU
		{A737BC76-165B-46C6-82B7-8871C7C92942}.Debug64|x86.ActiveCfg = Debug64|Any CPU
		{A737BC76-165B-46C6-82B7-8871C7C92942}.Release|Any CPU.ActiveCfg = Release|Any CPU
		{A737BC76-165B-46C6-82B7-8871C7C92942}.Release|Any CPU.Build.0 = Release|Any CPU
		{A737BC76-165B-46C6-82B7-8871C7C92942}.Release|x64.ActiveCfg = Release|Any CPU
		{A737BC76-165B-46C6-82B7-8871C7C92942}.Release|x86.ActiveCfg = Release|Any CPU
		{A737BC76-165B-46C6-82B7-8871C7C92942}.Release64|Any CPU.ActiveCfg = Release64|Any CPU
		{A737BC76-165B-46C6-82B7-8871C7C92942}.Release64|Any CPU.Build.0 = Release64|Any CPU
		{A737BC76-165B-46C6-82B7-8871C7C92942}.Release64|x64.ActiveCfg = Release64|Any CPU
		{A737BC76-165B-46C6-82B7-8871C7C92942}.Release64|x86.ActiveCfg = Release64|Any CPU
		{CA96058C-1A37-465D-A357-D6D695B13D25}.Debug|Any CPU.ActiveCfg = Debug|Any CPU
		{CA96058C-1A37-465D-A357-D6D695B13D25}.Debug|Any CPU.Build.0 = Debug|Any CPU
		{CA96058C-1A37-465D-A357-D6D695B13D25}.Debug|x64.ActiveCfg = Debug|Any CPU
		{CA96058C-1A37-465D-A357-D6D695B13D25}.Debug|x64.Build.0 = Debug|Any CPU
		{CA96058C-1A37-465D-A357-D6D695B13D25}.Debug|x86.ActiveCfg = Debug|Any CPU
		{CA96058C-1A37-465D-A357-D6D695B13D25}.Debug64|Any CPU.ActiveCfg = Debug64|x64
		{CA96058C-1A37-465D-A357-D6D695B13D25}.Debug64|Any CPU.Build.0 = Debug64|x64
		{CA96058C-1A37-465D-A357-D6D695B13D25}.Debug64|x64.ActiveCfg = Debug64|x64
		{CA96058C-1A37-465D-A357-D6D695B13D25}.Debug64|x64.Build.0 = Debug64|x64
		{CA96058C-1A37-465D-A357-D6D695B13D25}.Debug64|x86.ActiveCfg = Debug64|x64
		{CA96058C-1A37-465D-A357-D6D695B13D25}.Release|Any CPU.ActiveCfg = Release|Any CPU
		{CA96058C-1A37-465D-A357-D6D695B13D25}.Release|Any CPU.Build.0 = Release|Any CPU
		{CA96058C-1A37-465D-A357-D6D695B13D25}.Release|x64.ActiveCfg = Release|Any CPU
		{CA96058C-1A37-465D-A357-D6D695B13D25}.Release|x86.ActiveCfg = Release|Any CPU
		{CA96058C-1A37-465D-A357-D6D695B13D25}.Release64|Any CPU.ActiveCfg = Release64|Any CPU
		{CA96058C-1A37-465D-A357-D6D695B13D25}.Release64|Any CPU.Build.0 = Release64|Any CPU
		{CA96058C-1A37-465D-A357-D6D695B13D25}.Release64|x64.ActiveCfg = Release64|Any CPU
		{CA96058C-1A37-465D-A357-D6D695B13D25}.Release64|x64.Build.0 = Release64|Any CPU
		{CA96058C-1A37-465D-A357-D6D695B13D25}.Release64|x86.ActiveCfg = Release64|Any CPU
		{036BCCBA-52D8-457C-84AE-8821F209FE4A}.Debug|Any CPU.ActiveCfg = Debug|Any CPU
		{036BCCBA-52D8-457C-84AE-8821F209FE4A}.Debug|Any CPU.Build.0 = Debug|Any CPU
		{036BCCBA-52D8-457C-84AE-8821F209FE4A}.Debug|x64.ActiveCfg = Debug|Any CPU
		{036BCCBA-52D8-457C-84AE-8821F209FE4A}.Debug|x64.Build.0 = Debug|Any CPU
		{036BCCBA-52D8-457C-84AE-8821F209FE4A}.Debug|x86.ActiveCfg = Debug|Any CPU
		{036BCCBA-52D8-457C-84AE-8821F209FE4A}.Debug64|Any CPU.ActiveCfg = Debug64|x64
		{036BCCBA-52D8-457C-84AE-8821F209FE4A}.Debug64|Any CPU.Build.0 = Debug64|x64
		{036BCCBA-52D8-457C-84AE-8821F209FE4A}.Debug64|x64.ActiveCfg = Debug64|x64
		{036BCCBA-52D8-457C-84AE-8821F209FE4A}.Debug64|x64.Build.0 = Debug64|x64
		{036BCCBA-52D8-457C-84AE-8821F209FE4A}.Debug64|x86.ActiveCfg = Debug64|x64
		{036BCCBA-52D8-457C-84AE-8821F209FE4A}.Release|Any CPU.ActiveCfg = Release|Any CPU
		{036BCCBA-52D8-457C-84AE-8821F209FE4A}.Release|Any CPU.Build.0 = Release|Any CPU
		{036BCCBA-52D8-457C-84AE-8821F209FE4A}.Release|x64.ActiveCfg = Release|Any CPU
		{036BCCBA-52D8-457C-84AE-8821F209FE4A}.Release|x86.ActiveCfg = Release|Any CPU
		{036BCCBA-52D8-457C-84AE-8821F209FE4A}.Release64|Any CPU.ActiveCfg = Release64|Any CPU
		{036BCCBA-52D8-457C-84AE-8821F209FE4A}.Release64|Any CPU.Build.0 = Release64|Any CPU
		{036BCCBA-52D8-457C-84AE-8821F209FE4A}.Release64|x64.ActiveCfg = Release64|Any CPU
		{036BCCBA-52D8-457C-84AE-8821F209FE4A}.Release64|x64.Build.0 = Release64|Any CPU
		{036BCCBA-52D8-457C-84AE-8821F209FE4A}.Release64|x86.ActiveCfg = Release64|Any CPU
		{9B062971-A88E-4A3D-B3C9-12B78D15FA66}.Debug|Any CPU.ActiveCfg = Debug|Any CPU
		{9B062971-A88E-4A3D-B3C9-12B78D15FA66}.Debug|Any CPU.Build.0 = Debug|Any CPU
		{9B062971-A88E-4A3D-B3C9-12B78D15FA66}.Debug|x64.ActiveCfg = Debug|Any CPU
		{9B062971-A88E-4A3D-B3C9-12B78D15FA66}.Debug|x64.Build.0 = Debug|Any CPU
		{9B062971-A88E-4A3D-B3C9-12B78D15FA66}.Debug|x86.ActiveCfg = Debug|Any CPU
		{9B062971-A88E-4A3D-B3C9-12B78D15FA66}.Debug64|Any CPU.ActiveCfg = Debug64|x64
		{9B062971-A88E-4A3D-B3C9-12B78D15FA66}.Debug64|Any CPU.Build.0 = Debug64|x64
		{9B062971-A88E-4A3D-B3C9-12B78D15FA66}.Debug64|x64.ActiveCfg = Debug64|x64
		{9B062971-A88E-4A3D-B3C9-12B78D15FA66}.Debug64|x64.Build.0 = Debug64|x64
		{9B062971-A88E-4A3D-B3C9-12B78D15FA66}.Debug64|x86.ActiveCfg = Debug64|x64
		{9B062971-A88E-4A3D-B3C9-12B78D15FA66}.Release|Any CPU.ActiveCfg = Release|Any CPU
		{9B062971-A88E-4A3D-B3C9-12B78D15FA66}.Release|Any CPU.Build.0 = Release|Any CPU
		{9B062971-A88E-4A3D-B3C9-12B78D15FA66}.Release|x64.ActiveCfg = Release|Any CPU
		{9B062971-A88E-4A3D-B3C9-12B78D15FA66}.Release|x86.ActiveCfg = Release|Any CPU
		{9B062971-A88E-4A3D-B3C9-12B78D15FA66}.Release64|Any CPU.ActiveCfg = Release64|Any CPU
		{9B062971-A88E-4A3D-B3C9-12B78D15FA66}.Release64|Any CPU.Build.0 = Release64|Any CPU
		{9B062971-A88E-4A3D-B3C9-12B78D15FA66}.Release64|x64.ActiveCfg = Release64|Any CPU
		{9B062971-A88E-4A3D-B3C9-12B78D15FA66}.Release64|x64.Build.0 = Release64|Any CPU
		{9B062971-A88E-4A3D-B3C9-12B78D15FA66}.Release64|x86.ActiveCfg = Release64|Any CPU
		{DF6845CD-64C6-4263-8357-DA8066855739}.Debug|Any CPU.ActiveCfg = Debug|Any CPU
		{DF6845CD-64C6-4263-8357-DA8066855739}.Debug|Any CPU.Build.0 = Debug|Any CPU
		{DF6845CD-64C6-4263-8357-DA8066855739}.Debug|x64.ActiveCfg = Debug|Any CPU
		{DF6845CD-64C6-4263-8357-DA8066855739}.Debug|x64.Build.0 = Debug|Any CPU
		{DF6845CD-64C6-4263-8357-DA8066855739}.Debug|x86.ActiveCfg = Debug|Any CPU
		{DF6845CD-64C6-4263-8357-DA8066855739}.Debug64|Any CPU.ActiveCfg = Debug64|x64
		{DF6845CD-64C6-4263-8357-DA8066855739}.Debug64|Any CPU.Build.0 = Debug64|x64
		{DF6845CD-64C6-4263-8357-DA8066855739}.Debug64|x64.ActiveCfg = Debug64|x64
		{DF6845CD-64C6-4263-8357-DA8066855739}.Debug64|x64.Build.0 = Debug64|x64
		{DF6845CD-64C6-4263-8357-DA8066855739}.Debug64|x86.ActiveCfg = Debug64|x64
		{DF6845CD-64C6-4263-8357-DA8066855739}.Release|Any CPU.ActiveCfg = Release|Any CPU
		{DF6845CD-64C6-4263-8357-DA8066855739}.Release|Any CPU.Build.0 = Release|Any CPU
		{DF6845CD-64C6-4263-8357-DA8066855739}.Release|x64.ActiveCfg = Release|Any CPU
		{DF6845CD-64C6-4263-8357-DA8066855739}.Release|x86.ActiveCfg = Release|Any CPU
		{DF6845CD-64C6-4263-8357-DA8066855739}.Release64|Any CPU.ActiveCfg = Release64|Any CPU
		{DF6845CD-64C6-4263-8357-DA8066855739}.Release64|Any CPU.Build.0 = Release64|Any CPU
		{DF6845CD-64C6-4263-8357-DA8066855739}.Release64|x64.ActiveCfg = Release64|Any CPU
		{DF6845CD-64C6-4263-8357-DA8066855739}.Release64|x64.Build.0 = Release64|Any CPU
		{DF6845CD-64C6-4263-8357-DA8066855739}.Release64|x86.ActiveCfg = Release64|Any CPU
		{291CD87C-2C58-4369-9D85-238C7EB31542}.Debug|Any CPU.ActiveCfg = Debug|Any CPU
		{291CD87C-2C58-4369-9D85-238C7EB31542}.Debug|Any CPU.Build.0 = Debug|Any CPU
		{291CD87C-2C58-4369-9D85-238C7EB31542}.Debug|x64.ActiveCfg = Debug|Any CPU
		{291CD87C-2C58-4369-9D85-238C7EB31542}.Debug|x86.ActiveCfg = Debug|Any CPU
		{291CD87C-2C58-4369-9D85-238C7EB31542}.Debug64|Any CPU.ActiveCfg = Debug64|x64
		{291CD87C-2C58-4369-9D85-238C7EB31542}.Debug64|Any CPU.Build.0 = Debug64|x64
		{291CD87C-2C58-4369-9D85-238C7EB31542}.Debug64|x64.ActiveCfg = Debug64|Any CPU
		{291CD87C-2C58-4369-9D85-238C7EB31542}.Debug64|x86.ActiveCfg = Debug64|Any CPU
		{291CD87C-2C58-4369-9D85-238C7EB31542}.Release|Any CPU.ActiveCfg = Release|Any CPU
		{291CD87C-2C58-4369-9D85-238C7EB31542}.Release|Any CPU.Build.0 = Release|Any CPU
		{291CD87C-2C58-4369-9D85-238C7EB31542}.Release|x64.ActiveCfg = Release|Any CPU
		{291CD87C-2C58-4369-9D85-238C7EB31542}.Release|x86.ActiveCfg = Release|Any CPU
		{291CD87C-2C58-4369-9D85-238C7EB31542}.Release64|Any CPU.ActiveCfg = Release64|Any CPU
		{291CD87C-2C58-4369-9D85-238C7EB31542}.Release64|Any CPU.Build.0 = Release64|Any CPU
		{291CD87C-2C58-4369-9D85-238C7EB31542}.Release64|x64.ActiveCfg = Release64|Any CPU
		{291CD87C-2C58-4369-9D85-238C7EB31542}.Release64|x64.Build.0 = Release64|Any CPU
		{291CD87C-2C58-4369-9D85-238C7EB31542}.Release64|x86.ActiveCfg = Release64|Any CPU
		{865172A0-A1A9-49C2-9386-F2FDB4E141B7}.Debug|Any CPU.ActiveCfg = Debug|Any CPU
		{865172A0-A1A9-49C2-9386-F2FDB4E141B7}.Debug|Any CPU.Build.0 = Debug|Any CPU
		{865172A0-A1A9-49C2-9386-F2FDB4E141B7}.Debug|x64.ActiveCfg = Debug|Any CPU
		{865172A0-A1A9-49C2-9386-F2FDB4E141B7}.Debug|x86.ActiveCfg = Debug|Any CPU
		{865172A0-A1A9-49C2-9386-F2FDB4E141B7}.Debug64|Any CPU.ActiveCfg = Debug64|x64
		{865172A0-A1A9-49C2-9386-F2FDB4E141B7}.Debug64|Any CPU.Build.0 = Debug64|x64
		{865172A0-A1A9-49C2-9386-F2FDB4E141B7}.Debug64|x64.ActiveCfg = Debug64|Any CPU
		{865172A0-A1A9-49C2-9386-F2FDB4E141B7}.Debug64|x86.ActiveCfg = Debug64|Any CPU
		{865172A0-A1A9-49C2-9386-F2FDB4E141B7}.Release|Any CPU.ActiveCfg = Release|Any CPU
		{865172A0-A1A9-49C2-9386-F2FDB4E141B7}.Release|Any CPU.Build.0 = Release|Any CPU
		{865172A0-A1A9-49C2-9386-F2FDB4E141B7}.Release|x64.ActiveCfg = Release|Any CPU
		{865172A0-A1A9-49C2-9386-F2FDB4E141B7}.Release|x86.ActiveCfg = Release|Any CPU
		{865172A0-A1A9-49C2-9386-F2FDB4E141B7}.Release64|Any CPU.ActiveCfg = Release64|Any CPU
		{865172A0-A1A9-49C2-9386-F2FDB4E141B7}.Release64|Any CPU.Build.0 = Release64|Any CPU
		{865172A0-A1A9-49C2-9386-F2FDB4E141B7}.Release64|x64.ActiveCfg = Release64|Any CPU
		{865172A0-A1A9-49C2-9386-F2FDB4E141B7}.Release64|x86.ActiveCfg = Release64|Any CPU
		{A526DC5D-65F3-461B-805F-D3AC9665F5C9}.Debug|Any CPU.ActiveCfg = Debug|Any CPU
		{A526DC5D-65F3-461B-805F-D3AC9665F5C9}.Debug|Any CPU.Build.0 = Debug|Any CPU
		{A526DC5D-65F3-461B-805F-D3AC9665F5C9}.Debug|x64.ActiveCfg = Debug|Any CPU
		{A526DC5D-65F3-461B-805F-D3AC9665F5C9}.Debug|x86.ActiveCfg = Debug|Any CPU
		{A526DC5D-65F3-461B-805F-D3AC9665F5C9}.Debug64|Any CPU.ActiveCfg = Debug64|x64
		{A526DC5D-65F3-461B-805F-D3AC9665F5C9}.Debug64|Any CPU.Build.0 = Debug64|x64
		{A526DC5D-65F3-461B-805F-D3AC9665F5C9}.Debug64|x64.ActiveCfg = Debug64|x64
		{A526DC5D-65F3-461B-805F-D3AC9665F5C9}.Debug64|x64.Build.0 = Debug64|x64
		{A526DC5D-65F3-461B-805F-D3AC9665F5C9}.Debug64|x86.ActiveCfg = Debug64|x64
		{A526DC5D-65F3-461B-805F-D3AC9665F5C9}.Release|Any CPU.ActiveCfg = Release|Any CPU
		{A526DC5D-65F3-461B-805F-D3AC9665F5C9}.Release|Any CPU.Build.0 = Release|Any CPU
		{A526DC5D-65F3-461B-805F-D3AC9665F5C9}.Release|x64.ActiveCfg = Release|Any CPU
		{A526DC5D-65F3-461B-805F-D3AC9665F5C9}.Release|x86.ActiveCfg = Release|Any CPU
		{A526DC5D-65F3-461B-805F-D3AC9665F5C9}.Release64|Any CPU.ActiveCfg = Release64|Any CPU
		{A526DC5D-65F3-461B-805F-D3AC9665F5C9}.Release64|Any CPU.Build.0 = Release64|Any CPU
		{A526DC5D-65F3-461B-805F-D3AC9665F5C9}.Release64|x64.ActiveCfg = Release64|Any CPU
		{A526DC5D-65F3-461B-805F-D3AC9665F5C9}.Release64|x64.Build.0 = Release64|Any CPU
		{A526DC5D-65F3-461B-805F-D3AC9665F5C9}.Release64|x86.ActiveCfg = Release64|Any CPU
		{F49EC1DD-D645-4709-8667-B57318AF67B0}.Debug|Any CPU.ActiveCfg = Debug|Any CPU
		{F49EC1DD-D645-4709-8667-B57318AF67B0}.Debug|Any CPU.Build.0 = Debug|Any CPU
		{F49EC1DD-D645-4709-8667-B57318AF67B0}.Debug|x64.ActiveCfg = Debug|Any CPU
		{F49EC1DD-D645-4709-8667-B57318AF67B0}.Debug|x86.ActiveCfg = Debug|Any CPU
		{F49EC1DD-D645-4709-8667-B57318AF67B0}.Debug64|Any CPU.ActiveCfg = Debug64|x64
		{F49EC1DD-D645-4709-8667-B57318AF67B0}.Debug64|Any CPU.Build.0 = Debug64|x64
		{F49EC1DD-D645-4709-8667-B57318AF67B0}.Debug64|x64.ActiveCfg = Debug64|Any CPU
		{F49EC1DD-D645-4709-8667-B57318AF67B0}.Debug64|x86.ActiveCfg = Debug64|Any CPU
		{F49EC1DD-D645-4709-8667-B57318AF67B0}.Release|Any CPU.ActiveCfg = Release|Any CPU
		{F49EC1DD-D645-4709-8667-B57318AF67B0}.Release|Any CPU.Build.0 = Release|Any CPU
		{F49EC1DD-D645-4709-8667-B57318AF67B0}.Release|x64.ActiveCfg = Release|Any CPU
		{F49EC1DD-D645-4709-8667-B57318AF67B0}.Release|x86.ActiveCfg = Release|Any CPU
		{F49EC1DD-D645-4709-8667-B57318AF67B0}.Release64|Any CPU.ActiveCfg = Release64|Any CPU
		{F49EC1DD-D645-4709-8667-B57318AF67B0}.Release64|Any CPU.Build.0 = Release64|Any CPU
		{F49EC1DD-D645-4709-8667-B57318AF67B0}.Release64|x64.ActiveCfg = Release64|Any CPU
		{F49EC1DD-D645-4709-8667-B57318AF67B0}.Release64|x64.Build.0 = Release64|Any CPU
		{F49EC1DD-D645-4709-8667-B57318AF67B0}.Release64|x86.ActiveCfg = Release64|Any CPU
		{C46CA728-DD2F-4DD1-971A-AAA89D9DFF95}.Debug|Any CPU.ActiveCfg = Debug|Any CPU
		{C46CA728-DD2F-4DD1-971A-AAA89D9DFF95}.Debug|Any CPU.Build.0 = Debug|Any CPU
		{C46CA728-DD2F-4DD1-971A-AAA89D9DFF95}.Debug|x64.ActiveCfg = Debug|Any CPU
		{C46CA728-DD2F-4DD1-971A-AAA89D9DFF95}.Debug|x64.Build.0 = Debug|Any CPU
		{C46CA728-DD2F-4DD1-971A-AAA89D9DFF95}.Debug|x86.ActiveCfg = Debug|Any CPU
		{C46CA728-DD2F-4DD1-971A-AAA89D9DFF95}.Debug64|Any CPU.ActiveCfg = Debug|Any CPU
		{C46CA728-DD2F-4DD1-971A-AAA89D9DFF95}.Debug64|Any CPU.Build.0 = Debug|Any CPU
		{C46CA728-DD2F-4DD1-971A-AAA89D9DFF95}.Debug64|x64.ActiveCfg = Debug|Any CPU
		{C46CA728-DD2F-4DD1-971A-AAA89D9DFF95}.Debug64|x86.ActiveCfg = Debug|Any CPU
		{C46CA728-DD2F-4DD1-971A-AAA89D9DFF95}.Release|Any CPU.ActiveCfg = Release|Any CPU
		{C46CA728-DD2F-4DD1-971A-AAA89D9DFF95}.Release|Any CPU.Build.0 = Release|Any CPU
		{C46CA728-DD2F-4DD1-971A-AAA89D9DFF95}.Release|x64.ActiveCfg = Release|Any CPU
		{C46CA728-DD2F-4DD1-971A-AAA89D9DFF95}.Release|x86.ActiveCfg = Release|Any CPU
		{C46CA728-DD2F-4DD1-971A-AAA89D9DFF95}.Release64|Any CPU.ActiveCfg = Release|Any CPU
		{C46CA728-DD2F-4DD1-971A-AAA89D9DFF95}.Release64|Any CPU.Build.0 = Release|Any CPU
		{C46CA728-DD2F-4DD1-971A-AAA89D9DFF95}.Release64|x64.ActiveCfg = Release|Any CPU
		{C46CA728-DD2F-4DD1-971A-AAA89D9DFF95}.Release64|x86.ActiveCfg = Release|Any CPU
		{3DF4CB3D-9A03-4256-9A81-70523AAD828B}.Debug|Any CPU.ActiveCfg = Debug|Any CPU
		{3DF4CB3D-9A03-4256-9A81-70523AAD828B}.Debug|Any CPU.Build.0 = Debug|Any CPU
		{3DF4CB3D-9A03-4256-9A81-70523AAD828B}.Debug|x64.ActiveCfg = Debug|Any CPU
		{3DF4CB3D-9A03-4256-9A81-70523AAD828B}.Debug|x64.Build.0 = Debug|Any CPU
		{3DF4CB3D-9A03-4256-9A81-70523AAD828B}.Debug|x86.ActiveCfg = Debug|Any CPU
		{3DF4CB3D-9A03-4256-9A81-70523AAD828B}.Debug64|Any CPU.ActiveCfg = Debug64|x64
		{3DF4CB3D-9A03-4256-9A81-70523AAD828B}.Debug64|Any CPU.Build.0 = Debug64|x64
		{3DF4CB3D-9A03-4256-9A81-70523AAD828B}.Debug64|x64.ActiveCfg = Debug64|x64
		{3DF4CB3D-9A03-4256-9A81-70523AAD828B}.Debug64|x64.Build.0 = Debug64|x64
		{3DF4CB3D-9A03-4256-9A81-70523AAD828B}.Debug64|x86.ActiveCfg = Debug64|x64
		{3DF4CB3D-9A03-4256-9A81-70523AAD828B}.Release|Any CPU.ActiveCfg = Release|Any CPU
		{3DF4CB3D-9A03-4256-9A81-70523AAD828B}.Release|Any CPU.Build.0 = Release|Any CPU
		{3DF4CB3D-9A03-4256-9A81-70523AAD828B}.Release|x64.ActiveCfg = Release|Any CPU
		{3DF4CB3D-9A03-4256-9A81-70523AAD828B}.Release|x86.ActiveCfg = Release|Any CPU
		{3DF4CB3D-9A03-4256-9A81-70523AAD828B}.Release64|Any CPU.ActiveCfg = Release64|Any CPU
		{3DF4CB3D-9A03-4256-9A81-70523AAD828B}.Release64|Any CPU.Build.0 = Release64|Any CPU
		{3DF4CB3D-9A03-4256-9A81-70523AAD828B}.Release64|x64.ActiveCfg = Release64|Any CPU
		{3DF4CB3D-9A03-4256-9A81-70523AAD828B}.Release64|x64.Build.0 = Release64|Any CPU
		{3DF4CB3D-9A03-4256-9A81-70523AAD828B}.Release64|x86.ActiveCfg = Release64|Any CPU
		{239CC6B1-537C-4998-9AA9-3372A3464498}.Debug|Any CPU.ActiveCfg = Debug|Any CPU
		{239CC6B1-537C-4998-9AA9-3372A3464498}.Debug|Any CPU.Build.0 = Debug|Any CPU
		{239CC6B1-537C-4998-9AA9-3372A3464498}.Debug|x64.ActiveCfg = Debug|Any CPU
		{239CC6B1-537C-4998-9AA9-3372A3464498}.Debug|x86.ActiveCfg = Debug|Any CPU
		{239CC6B1-537C-4998-9AA9-3372A3464498}.Debug64|Any CPU.ActiveCfg = Debug64|x64
		{239CC6B1-537C-4998-9AA9-3372A3464498}.Debug64|Any CPU.Build.0 = Debug64|x64
		{239CC6B1-537C-4998-9AA9-3372A3464498}.Debug64|x64.ActiveCfg = Debug64|Any CPU
		{239CC6B1-537C-4998-9AA9-3372A3464498}.Debug64|x86.ActiveCfg = Debug64|Any CPU
		{239CC6B1-537C-4998-9AA9-3372A3464498}.Release|Any CPU.ActiveCfg = Release|Any CPU
		{239CC6B1-537C-4998-9AA9-3372A3464498}.Release|Any CPU.Build.0 = Release|Any CPU
		{239CC6B1-537C-4998-9AA9-3372A3464498}.Release|x64.ActiveCfg = Release|Any CPU
		{239CC6B1-537C-4998-9AA9-3372A3464498}.Release|x86.ActiveCfg = Release|Any CPU
		{239CC6B1-537C-4998-9AA9-3372A3464498}.Release64|Any CPU.ActiveCfg = Release|Any CPU
		{239CC6B1-537C-4998-9AA9-3372A3464498}.Release64|Any CPU.Build.0 = Release|Any CPU
		{239CC6B1-537C-4998-9AA9-3372A3464498}.Release64|x64.ActiveCfg = Release|Any CPU
		{239CC6B1-537C-4998-9AA9-3372A3464498}.Release64|x86.ActiveCfg = Release|Any CPU
		{BEC6FD13-C765-4B90-836B-53823AC12E20}.Debug|Any CPU.ActiveCfg = Debug|Any CPU
		{BEC6FD13-C765-4B90-836B-53823AC12E20}.Debug|Any CPU.Build.0 = Debug|Any CPU
		{BEC6FD13-C765-4B90-836B-53823AC12E20}.Debug|x64.ActiveCfg = Debug|Any CPU
		{BEC6FD13-C765-4B90-836B-53823AC12E20}.Debug|x86.ActiveCfg = Debug|Any CPU
		{BEC6FD13-C765-4B90-836B-53823AC12E20}.Debug64|Any CPU.ActiveCfg = Debug64|x64
		{BEC6FD13-C765-4B90-836B-53823AC12E20}.Debug64|Any CPU.Build.0 = Debug64|x64
		{BEC6FD13-C765-4B90-836B-53823AC12E20}.Debug64|x64.ActiveCfg = Debug64|Any CPU
		{BEC6FD13-C765-4B90-836B-53823AC12E20}.Debug64|x86.ActiveCfg = Debug64|Any CPU
		{BEC6FD13-C765-4B90-836B-53823AC12E20}.Release|Any CPU.ActiveCfg = Release|Any CPU
		{BEC6FD13-C765-4B90-836B-53823AC12E20}.Release|Any CPU.Build.0 = Release|Any CPU
		{BEC6FD13-C765-4B90-836B-53823AC12E20}.Release|x64.ActiveCfg = Release|Any CPU
		{BEC6FD13-C765-4B90-836B-53823AC12E20}.Release|x86.ActiveCfg = Release|Any CPU
		{BEC6FD13-C765-4B90-836B-53823AC12E20}.Release64|Any CPU.ActiveCfg = Release64|Any CPU
		{BEC6FD13-C765-4B90-836B-53823AC12E20}.Release64|Any CPU.Build.0 = Release64|Any CPU
		{BEC6FD13-C765-4B90-836B-53823AC12E20}.Release64|x64.ActiveCfg = Release64|Any CPU
		{BEC6FD13-C765-4B90-836B-53823AC12E20}.Release64|x86.ActiveCfg = Release64|Any CPU
		{3E4AABA8-D85F-4922-88C6-5C1B2D2308FB}.Debug|Any CPU.ActiveCfg = Debug|Any CPU
		{3E4AABA8-D85F-4922-88C6-5C1B2D2308FB}.Debug|Any CPU.Build.0 = Debug|Any CPU
		{3E4AABA8-D85F-4922-88C6-5C1B2D2308FB}.Debug|x64.ActiveCfg = Debug|Any CPU
		{3E4AABA8-D85F-4922-88C6-5C1B2D2308FB}.Debug|x86.ActiveCfg = Debug|Any CPU
		{3E4AABA8-D85F-4922-88C6-5C1B2D2308FB}.Debug64|Any CPU.ActiveCfg = Debug64|x64
		{3E4AABA8-D85F-4922-88C6-5C1B2D2308FB}.Debug64|Any CPU.Build.0 = Debug64|x64
		{3E4AABA8-D85F-4922-88C6-5C1B2D2308FB}.Debug64|x64.ActiveCfg = Debug64|Any CPU
		{3E4AABA8-D85F-4922-88C6-5C1B2D2308FB}.Debug64|x86.ActiveCfg = Debug64|Any CPU
		{3E4AABA8-D85F-4922-88C6-5C1B2D2308FB}.Release|Any CPU.ActiveCfg = Release|Any CPU
		{3E4AABA8-D85F-4922-88C6-5C1B2D2308FB}.Release|Any CPU.Build.0 = Release|Any CPU
		{3E4AABA8-D85F-4922-88C6-5C1B2D2308FB}.Release|x64.ActiveCfg = Release|Any CPU
		{3E4AABA8-D85F-4922-88C6-5C1B2D2308FB}.Release|x86.ActiveCfg = Release|Any CPU
		{3E4AABA8-D85F-4922-88C6-5C1B2D2308FB}.Release64|Any CPU.ActiveCfg = Release64|Any CPU
		{3E4AABA8-D85F-4922-88C6-5C1B2D2308FB}.Release64|Any CPU.Build.0 = Release64|Any CPU
		{3E4AABA8-D85F-4922-88C6-5C1B2D2308FB}.Release64|x64.ActiveCfg = Release64|Any CPU
		{3E4AABA8-D85F-4922-88C6-5C1B2D2308FB}.Release64|x86.ActiveCfg = Release64|Any CPU
		{6782BF37-8139-4DC6-885E-98D22D1FB258}.Debug|Any CPU.ActiveCfg = Debug|Any CPU
		{6782BF37-8139-4DC6-885E-98D22D1FB258}.Debug|Any CPU.Build.0 = Debug|Any CPU
		{6782BF37-8139-4DC6-885E-98D22D1FB258}.Debug|x64.ActiveCfg = Debug|Any CPU
		{6782BF37-8139-4DC6-885E-98D22D1FB258}.Debug|x64.Build.0 = Debug|Any CPU
		{6782BF37-8139-4DC6-885E-98D22D1FB258}.Debug|x86.ActiveCfg = Debug|Any CPU
		{6782BF37-8139-4DC6-885E-98D22D1FB258}.Debug64|Any CPU.ActiveCfg = Debug64|x64
		{6782BF37-8139-4DC6-885E-98D22D1FB258}.Debug64|Any CPU.Build.0 = Debug64|x64
		{6782BF37-8139-4DC6-885E-98D22D1FB258}.Debug64|x64.ActiveCfg = Debug64|x64
		{6782BF37-8139-4DC6-885E-98D22D1FB258}.Debug64|x64.Build.0 = Debug64|x64
		{6782BF37-8139-4DC6-885E-98D22D1FB258}.Debug64|x86.ActiveCfg = Debug64|x64
		{6782BF37-8139-4DC6-885E-98D22D1FB258}.Release|Any CPU.ActiveCfg = Release|Any CPU
		{6782BF37-8139-4DC6-885E-98D22D1FB258}.Release|Any CPU.Build.0 = Release|Any CPU
		{6782BF37-8139-4DC6-885E-98D22D1FB258}.Release|x64.ActiveCfg = Release|Any CPU
		{6782BF37-8139-4DC6-885E-98D22D1FB258}.Release|x86.ActiveCfg = Release|Any CPU
		{6782BF37-8139-4DC6-885E-98D22D1FB258}.Release64|Any CPU.ActiveCfg = Release|Any CPU
		{6782BF37-8139-4DC6-885E-98D22D1FB258}.Release64|Any CPU.Build.0 = Release|Any CPU
		{6782BF37-8139-4DC6-885E-98D22D1FB258}.Release64|x64.ActiveCfg = Release|Any CPU
		{6782BF37-8139-4DC6-885E-98D22D1FB258}.Release64|x86.ActiveCfg = Release|Any CPU
		{990A9AD3-B6A4-407B-9DFC-9C722AF7C9B9}.Debug|Any CPU.ActiveCfg = Debug|Any CPU
		{990A9AD3-B6A4-407B-9DFC-9C722AF7C9B9}.Debug|Any CPU.Build.0 = Debug|Any CPU
		{990A9AD3-B6A4-407B-9DFC-9C722AF7C9B9}.Debug|x64.ActiveCfg = Debug|x64
		{990A9AD3-B6A4-407B-9DFC-9C722AF7C9B9}.Debug|x64.Build.0 = Debug|x64
		{990A9AD3-B6A4-407B-9DFC-9C722AF7C9B9}.Debug|x86.ActiveCfg = Debug|Any CPU
		{990A9AD3-B6A4-407B-9DFC-9C722AF7C9B9}.Debug64|Any CPU.ActiveCfg = Debug64|Any CPU
		{990A9AD3-B6A4-407B-9DFC-9C722AF7C9B9}.Debug64|Any CPU.Build.0 = Debug64|Any CPU
		{990A9AD3-B6A4-407B-9DFC-9C722AF7C9B9}.Debug64|x64.ActiveCfg = Debug64|x64
		{990A9AD3-B6A4-407B-9DFC-9C722AF7C9B9}.Debug64|x64.Build.0 = Debug64|x64
		{990A9AD3-B6A4-407B-9DFC-9C722AF7C9B9}.Debug64|x86.ActiveCfg = Debug64|Any CPU
		{990A9AD3-B6A4-407B-9DFC-9C722AF7C9B9}.Release|Any CPU.ActiveCfg = Release|Any CPU
		{990A9AD3-B6A4-407B-9DFC-9C722AF7C9B9}.Release|Any CPU.Build.0 = Release|Any CPU
		{990A9AD3-B6A4-407B-9DFC-9C722AF7C9B9}.Release|x64.ActiveCfg = Release|x64
		{990A9AD3-B6A4-407B-9DFC-9C722AF7C9B9}.Release|x64.Build.0 = Release|x64
		{990A9AD3-B6A4-407B-9DFC-9C722AF7C9B9}.Release|x86.ActiveCfg = Release|Any CPU
		{990A9AD3-B6A4-407B-9DFC-9C722AF7C9B9}.Release64|Any CPU.ActiveCfg = Release64|Any CPU
		{990A9AD3-B6A4-407B-9DFC-9C722AF7C9B9}.Release64|Any CPU.Build.0 = Release64|Any CPU
		{990A9AD3-B6A4-407B-9DFC-9C722AF7C9B9}.Release64|x64.ActiveCfg = Release64|x64
		{990A9AD3-B6A4-407B-9DFC-9C722AF7C9B9}.Release64|x64.Build.0 = Release64|x64
		{990A9AD3-B6A4-407B-9DFC-9C722AF7C9B9}.Release64|x86.ActiveCfg = Release64|Any CPU
	EndGlobalSection
	GlobalSection(SolutionProperties) = preSolution
		HideSolutionNode = FALSE
	EndGlobalSection
	GlobalSection(NestedProjects) = preSolution
		{AE37DE1F-22F7-49EE-8732-FC6BC8DC58D9} = {2AB9B589-5C98-4C05-BBEA-F97DAE168EAB}
		{670BDDFF-927B-425D-9DD1-22ACB14356EB} = {2AB9B589-5C98-4C05-BBEA-F97DAE168EAB}
		{D3E41B4E-BFBB-44CA-94C8-95C00F754FDD} = {2AB9B589-5C98-4C05-BBEA-F97DAE168EAB}
		{545B6912-77FF-4B34-BA76-6C3D6A32BE6A} = {2AB9B589-5C98-4C05-BBEA-F97DAE168EAB}
		{74F6BB6C-9D02-4512-A59A-21940E35C532} = {2AB9B589-5C98-4C05-BBEA-F97DAE168EAB}
		{7E61A5BD-E78F-4B80-88C9-3821B4FA062E} = {2AB9B589-5C98-4C05-BBEA-F97DAE168EAB}
		{86F6AAF2-9B50-40B8-A427-1897D76471C5} = {2AB9B589-5C98-4C05-BBEA-F97DAE168EAB}
		{657DBC6D-C3EA-4398-A3FA-DDB73C14F71B} = {2AB9B589-5C98-4C05-BBEA-F97DAE168EAB}
		{C958F745-156E-4BDC-A24A-3721C7BE7B8A} = {2AB9B589-5C98-4C05-BBEA-F97DAE168EAB}
		{1E01ABE0-B494-4FE4-B0D6-540133286887} = {2AB9B589-5C98-4C05-BBEA-F97DAE168EAB}
		{F67AE800-B0C7-42A8-836F-597B4E74591C} = {2AB9B589-5C98-4C05-BBEA-F97DAE168EAB}
		{D3ABF72C-64C2-4E51-A119-E077210FA990} = {2AB9B589-5C98-4C05-BBEA-F97DAE168EAB}
		{A737BC76-165B-46C6-82B7-8871C7C92942} = {2AB9B589-5C98-4C05-BBEA-F97DAE168EAB}
		{036BCCBA-52D8-457C-84AE-8821F209FE4A} = {2AB9B589-5C98-4C05-BBEA-F97DAE168EAB}
		{9B062971-A88E-4A3D-B3C9-12B78D15FA66} = {2AB9B589-5C98-4C05-BBEA-F97DAE168EAB}
		{DF6845CD-64C6-4263-8357-DA8066855739} = {2AB9B589-5C98-4C05-BBEA-F97DAE168EAB}
		{291CD87C-2C58-4369-9D85-238C7EB31542} = {DA2BE4E5-5FB2-4C74-9170-0D2513AAFC84}
		{A526DC5D-65F3-461B-805F-D3AC9665F5C9} = {2AB9B589-5C98-4C05-BBEA-F97DAE168EAB}
		{F49EC1DD-D645-4709-8667-B57318AF67B0} = {DA2BE4E5-5FB2-4C74-9170-0D2513AAFC84}
		{239CC6B1-537C-4998-9AA9-3372A3464498} = {DA2BE4E5-5FB2-4C74-9170-0D2513AAFC84}
		{BEC6FD13-C765-4B90-836B-53823AC12E20} = {DA2BE4E5-5FB2-4C74-9170-0D2513AAFC84}
		{3E4AABA8-D85F-4922-88C6-5C1B2D2308FB} = {2AB9B589-5C98-4C05-BBEA-F97DAE168EAB}
		{6782BF37-8139-4DC6-885E-98D22D1FB258} = {DA2BE4E5-5FB2-4C74-9170-0D2513AAFC84}
	EndGlobalSection
	GlobalSection(MonoDevelopProperties) = preSolution
		StartupItem = MatterControl.csproj
	EndGlobalSection
EndGlobal
